// !$*UTF8*$!
{
	archiveVersion = 1;
	classes = {
	};
	objectVersion = 46;
	objects = {

/* Begin PBXBuildFile section */
		C2A4097113D19A0D002B7BFA /* QuartzCore.framework in Frameworks */ = {isa = PBXBuildFile; fileRef = C2A4097013D19A0D002B7BFA /* QuartzCore.framework */; };
		C2A4097313D19A0D002B7BFA /* OpenGL.framework in Frameworks */ = {isa = PBXBuildFile; fileRef = C2A4097213D19A0D002B7BFA /* OpenGL.framework */; };
		C2A4097513D19A0D002B7BFA /* OpenAL.framework in Frameworks */ = {isa = PBXBuildFile; fileRef = C2A4097413D19A0D002B7BFA /* OpenAL.framework */; };
		C2A4097713D19A0D002B7BFA /* AudioToolbox.framework in Frameworks */ = {isa = PBXBuildFile; fileRef = C2A4097613D19A0D002B7BFA /* AudioToolbox.framework */; };
		C2A4097913D19A0D002B7BFA /* AppKit.framework in Frameworks */ = {isa = PBXBuildFile; fileRef = C2A4097813D19A0D002B7BFA /* AppKit.framework */; };
		C2A4097B13D19A0D002B7BFA /* Foundation.framework in Frameworks */ = {isa = PBXBuildFile; fileRef = C2A4097A13D19A0D002B7BFA /* Foundation.framework */; };
		C2A4098113D19A0D002B7BFA /* InfoPlist.strings in Resources */ = {isa = PBXBuildFile; fileRef = C2A4097F13D19A0D002B7BFA /* InfoPlist.strings */; };
		C2A4098413D19A0D002B7BFA /* MainMenu.xib in Resources */ = {isa = PBXBuildFile; fileRef = C2A4098213D19A0D002B7BFA /* MainMenu.xib */; };
		C2A4098613D19A0D002B7BFA /* fps_images.png in Resources */ = {isa = PBXBuildFile; fileRef = C2A4098513D19A0D002B7BFA /* fps_images.png */; };
		C2A4098813D19A0D002B7BFA /* icon.icns in Resources */ = {isa = PBXBuildFile; fileRef = C2A4098713D19A0D002B7BFA /* icon.icns */; };
		C2A4098E13D19A0D002B7BFA /* CCAction.m in Sources */ = {isa = PBXBuildFile; fileRef = C2A4098D13D19A0D002B7BFA /* CCAction.m */; };
		C2A4099113D19A0D002B7BFA /* CCActionCamera.m in Sources */ = {isa = PBXBuildFile; fileRef = C2A4099013D19A0D002B7BFA /* CCActionCamera.m */; };
		C2A4099413D19A0D002B7BFA /* CCActionEase.m in Sources */ = {isa = PBXBuildFile; fileRef = C2A4099313D19A0D002B7BFA /* CCActionEase.m */; };
		C2A4099713D19A0D002B7BFA /* CCActionGrid.m in Sources */ = {isa = PBXBuildFile; fileRef = C2A4099613D19A0D002B7BFA /* CCActionGrid.m */; };
		C2A4099A13D19A0D002B7BFA /* CCActionGrid3D.m in Sources */ = {isa = PBXBuildFile; fileRef = C2A4099913D19A0D002B7BFA /* CCActionGrid3D.m */; };
		C2A4099D13D19A0D002B7BFA /* CCActionInstant.m in Sources */ = {isa = PBXBuildFile; fileRef = C2A4099C13D19A0D002B7BFA /* CCActionInstant.m */; };
		C2A409A013D19A0D002B7BFA /* CCActionInterval.m in Sources */ = {isa = PBXBuildFile; fileRef = C2A4099F13D19A0D002B7BFA /* CCActionInterval.m */; };
		C2A409A313D19A0D002B7BFA /* CCActionManager.m in Sources */ = {isa = PBXBuildFile; fileRef = C2A409A213D19A0D002B7BFA /* CCActionManager.m */; };
		C2A409A613D19A0D002B7BFA /* CCActionPageTurn3D.m in Sources */ = {isa = PBXBuildFile; fileRef = C2A409A513D19A0D002B7BFA /* CCActionPageTurn3D.m */; };
		C2A409A913D19A0D002B7BFA /* CCActionProgressTimer.m in Sources */ = {isa = PBXBuildFile; fileRef = C2A409A813D19A0D002B7BFA /* CCActionProgressTimer.m */; };
		C2A409AC13D19A0D002B7BFA /* CCActionTiledGrid.m in Sources */ = {isa = PBXBuildFile; fileRef = C2A409AB13D19A0D002B7BFA /* CCActionTiledGrid.m */; };
		C2A409AF13D19A0D002B7BFA /* CCActionTween.m in Sources */ = {isa = PBXBuildFile; fileRef = C2A409AE13D19A0D002B7BFA /* CCActionTween.m */; };
		C2A409B213D19A0D002B7BFA /* CCAnimation.m in Sources */ = {isa = PBXBuildFile; fileRef = C2A409B113D19A0D002B7BFA /* CCAnimation.m */; };
		C2A409B513D19A0D002B7BFA /* CCAnimationCache.m in Sources */ = {isa = PBXBuildFile; fileRef = C2A409B413D19A0D002B7BFA /* CCAnimationCache.m */; };
		C2A409B813D19A0D002B7BFA /* CCAtlasNode.m in Sources */ = {isa = PBXBuildFile; fileRef = C2A409B713D19A0D002B7BFA /* CCAtlasNode.m */; };
		C2A409BB13D19A0D002B7BFA /* CCBlockSupport.m in Sources */ = {isa = PBXBuildFile; fileRef = C2A409BA13D19A0D002B7BFA /* CCBlockSupport.m */; };
		C2A409BE13D19A0D002B7BFA /* CCCamera.m in Sources */ = {isa = PBXBuildFile; fileRef = C2A409BD13D19A0D002B7BFA /* CCCamera.m */; };
		C2A409C213D19A0D002B7BFA /* CCConfiguration.m in Sources */ = {isa = PBXBuildFile; fileRef = C2A409C113D19A0D002B7BFA /* CCConfiguration.m */; };
		C2A409C513D19A0D002B7BFA /* CCDirector.m in Sources */ = {isa = PBXBuildFile; fileRef = C2A409C413D19A0D002B7BFA /* CCDirector.m */; };
		C2A409C813D19A0D002B7BFA /* CCDrawingPrimitives.m in Sources */ = {isa = PBXBuildFile; fileRef = C2A409C713D19A0D002B7BFA /* CCDrawingPrimitives.m */; };
		C2A409CB13D19A0D002B7BFA /* CCGrabber.m in Sources */ = {isa = PBXBuildFile; fileRef = C2A409CA13D19A0D002B7BFA /* CCGrabber.m */; };
		C2A409CE13D19A0D002B7BFA /* CCGrid.m in Sources */ = {isa = PBXBuildFile; fileRef = C2A409CD13D19A0D002B7BFA /* CCGrid.m */; };
		C2A409D113D19A0D002B7BFA /* CCLabelAtlas.m in Sources */ = {isa = PBXBuildFile; fileRef = C2A409D013D19A0D002B7BFA /* CCLabelAtlas.m */; };
		C2A409D413D19A0D002B7BFA /* CCLabelBMFont.m in Sources */ = {isa = PBXBuildFile; fileRef = C2A409D313D19A0D002B7BFA /* CCLabelBMFont.m */; };
		C2A409D713D19A0D002B7BFA /* CCLabelTTF.m in Sources */ = {isa = PBXBuildFile; fileRef = C2A409D613D19A0D002B7BFA /* CCLabelTTF.m */; };
		C2A409DA13D19A0D002B7BFA /* CCLayer.m in Sources */ = {isa = PBXBuildFile; fileRef = C2A409D913D19A0D002B7BFA /* CCLayer.m */; };
		C2A409DE13D19A0D002B7BFA /* CCMenu.m in Sources */ = {isa = PBXBuildFile; fileRef = C2A409DD13D19A0D002B7BFA /* CCMenu.m */; };
		C2A409E113D19A0D002B7BFA /* CCMenuItem.m in Sources */ = {isa = PBXBuildFile; fileRef = C2A409E013D19A0D002B7BFA /* CCMenuItem.m */; };
		C2A409E413D19A0D002B7BFA /* CCMotionStreak.m in Sources */ = {isa = PBXBuildFile; fileRef = C2A409E313D19A0D002B7BFA /* CCMotionStreak.m */; };
		C2A409E713D19A0D002B7BFA /* CCNode.m in Sources */ = {isa = PBXBuildFile; fileRef = C2A409E613D19A0D002B7BFA /* CCNode.m */; };
		C2A409EA13D19A0D002B7BFA /* CCParallaxNode.m in Sources */ = {isa = PBXBuildFile; fileRef = C2A409E913D19A0D002B7BFA /* CCParallaxNode.m */; };
		C2A409ED13D19A0D002B7BFA /* CCParticleExamples.m in Sources */ = {isa = PBXBuildFile; fileRef = C2A409EC13D19A0D002B7BFA /* CCParticleExamples.m */; };
		C2A409F013D19A0D002B7BFA /* CCParticleSystem.m in Sources */ = {isa = PBXBuildFile; fileRef = C2A409EF13D19A0D002B7BFA /* CCParticleSystem.m */; };
		C2A409F313D19A0D002B7BFA /* CCParticleSystemPoint.m in Sources */ = {isa = PBXBuildFile; fileRef = C2A409F213D19A0D002B7BFA /* CCParticleSystemPoint.m */; };
		C2A409F613D19A0D002B7BFA /* CCParticleSystemQuad.m in Sources */ = {isa = PBXBuildFile; fileRef = C2A409F513D19A0D002B7BFA /* CCParticleSystemQuad.m */; };
		C2A409F913D19A0D002B7BFA /* CCProgressTimer.m in Sources */ = {isa = PBXBuildFile; fileRef = C2A409F813D19A0D002B7BFA /* CCProgressTimer.m */; };
		C2A409FD13D19A0D002B7BFA /* CCRenderTexture.m in Sources */ = {isa = PBXBuildFile; fileRef = C2A409FC13D19A0D002B7BFA /* CCRenderTexture.m */; };
		C2A40A0013D19A0D002B7BFA /* CCRibbon.m in Sources */ = {isa = PBXBuildFile; fileRef = C2A409FF13D19A0D002B7BFA /* CCRibbon.m */; };
		C2A40A0313D19A0D002B7BFA /* CCScene.m in Sources */ = {isa = PBXBuildFile; fileRef = C2A40A0213D19A0D002B7BFA /* CCScene.m */; };
		C2A40A0613D19A0D002B7BFA /* CCScheduler.m in Sources */ = {isa = PBXBuildFile; fileRef = C2A40A0513D19A0D002B7BFA /* CCScheduler.m */; };
		C2A40A0913D19A0D002B7BFA /* CCSprite.m in Sources */ = {isa = PBXBuildFile; fileRef = C2A40A0813D19A0D002B7BFA /* CCSprite.m */; };
		C2A40A0C13D19A0D002B7BFA /* CCSpriteBatchNode.m in Sources */ = {isa = PBXBuildFile; fileRef = C2A40A0B13D19A0D002B7BFA /* CCSpriteBatchNode.m */; };
		C2A40A0F13D19A0E002B7BFA /* CCSpriteFrame.m in Sources */ = {isa = PBXBuildFile; fileRef = C2A40A0E13D19A0E002B7BFA /* CCSpriteFrame.m */; };
		C2A40A1213D19A0E002B7BFA /* CCSpriteFrameCache.m in Sources */ = {isa = PBXBuildFile; fileRef = C2A40A1113D19A0E002B7BFA /* CCSpriteFrameCache.m */; };
		C2A40A1513D19A0E002B7BFA /* CCTexture2D.m in Sources */ = {isa = PBXBuildFile; fileRef = C2A40A1413D19A0E002B7BFA /* CCTexture2D.m */; };
		C2A40A1813D19A0E002B7BFA /* CCTextureAtlas.m in Sources */ = {isa = PBXBuildFile; fileRef = C2A40A1713D19A0E002B7BFA /* CCTextureAtlas.m */; };
		C2A40A1B13D19A0E002B7BFA /* CCTextureCache.m in Sources */ = {isa = PBXBuildFile; fileRef = C2A40A1A13D19A0E002B7BFA /* CCTextureCache.m */; };
		C2A40A1E13D19A0E002B7BFA /* CCTexturePVR.m in Sources */ = {isa = PBXBuildFile; fileRef = C2A40A1D13D19A0E002B7BFA /* CCTexturePVR.m */; };
		C2A40A2113D19A0E002B7BFA /* CCTileMapAtlas.m in Sources */ = {isa = PBXBuildFile; fileRef = C2A40A2013D19A0E002B7BFA /* CCTileMapAtlas.m */; };
		C2A40A2413D19A0E002B7BFA /* CCTMXLayer.m in Sources */ = {isa = PBXBuildFile; fileRef = C2A40A2313D19A0E002B7BFA /* CCTMXLayer.m */; };
		C2A40A2713D19A0E002B7BFA /* CCTMXObjectGroup.m in Sources */ = {isa = PBXBuildFile; fileRef = C2A40A2613D19A0E002B7BFA /* CCTMXObjectGroup.m */; };
		C2A40A2A13D19A0E002B7BFA /* CCTMXTiledMap.m in Sources */ = {isa = PBXBuildFile; fileRef = C2A40A2913D19A0E002B7BFA /* CCTMXTiledMap.m */; };
		C2A40A2D13D19A0E002B7BFA /* CCTMXXMLParser.m in Sources */ = {isa = PBXBuildFile; fileRef = C2A40A2C13D19A0E002B7BFA /* CCTMXXMLParser.m */; };
		C2A40A3013D19A0E002B7BFA /* CCTransition.m in Sources */ = {isa = PBXBuildFile; fileRef = C2A40A2F13D19A0E002B7BFA /* CCTransition.m */; };
		C2A40A3313D19A0E002B7BFA /* CCTransitionPageTurn.m in Sources */ = {isa = PBXBuildFile; fileRef = C2A40A3213D19A0E002B7BFA /* CCTransitionPageTurn.m */; };
		C2A40A3613D19A0E002B7BFA /* CCTransitionRadial.m in Sources */ = {isa = PBXBuildFile; fileRef = C2A40A3513D19A0E002B7BFA /* CCTransitionRadial.m */; };
		C2A40A3A13D19A0E002B7BFA /* cocos2d.m in Sources */ = {isa = PBXBuildFile; fileRef = C2A40A3913D19A0E002B7BFA /* cocos2d.m */; };
		C2A40A4113D19A0E002B7BFA /* CCDirectorIOS.m in Sources */ = {isa = PBXBuildFile; fileRef = C2A40A4013D19A0E002B7BFA /* CCDirectorIOS.m */; };
		C2A40A4513D19A0E002B7BFA /* CCTouchDispatcher.m in Sources */ = {isa = PBXBuildFile; fileRef = C2A40A4413D19A0E002B7BFA /* CCTouchDispatcher.m */; };
		C2A40A4813D19A0E002B7BFA /* CCTouchHandler.m in Sources */ = {isa = PBXBuildFile; fileRef = C2A40A4713D19A0E002B7BFA /* CCTouchHandler.m */; };
		C2A40A4B13D19A0E002B7BFA /* EAGLView.m in Sources */ = {isa = PBXBuildFile; fileRef = C2A40A4A13D19A0E002B7BFA /* EAGLView.m */; };
		C2A40A4E13D19A0E002B7BFA /* ES1Renderer.m in Sources */ = {isa = PBXBuildFile; fileRef = C2A40A4D13D19A0E002B7BFA /* ES1Renderer.m */; };
		C2A40A5113D19A0E002B7BFA /* glu.c in Sources */ = {isa = PBXBuildFile; fileRef = C2A40A5013D19A0E002B7BFA /* glu.c */; };
		C2A40A5613D19A0E002B7BFA /* CCDirectorMac.m in Sources */ = {isa = PBXBuildFile; fileRef = C2A40A5513D19A0E002B7BFA /* CCDirectorMac.m */; };
		C2A40A5913D19A0E002B7BFA /* CCEventDispatcher.m in Sources */ = {isa = PBXBuildFile; fileRef = C2A40A5813D19A0E002B7BFA /* CCEventDispatcher.m */; };
		C2A40A5C13D19A0E002B7BFA /* MacGLView.m in Sources */ = {isa = PBXBuildFile; fileRef = C2A40A5B13D19A0E002B7BFA /* MacGLView.m */; };
		C2A40A5F13D19A0E002B7BFA /* MacWindow.m in Sources */ = {isa = PBXBuildFile; fileRef = C2A40A5E13D19A0E002B7BFA /* MacWindow.m */; };
		C2A40A6213D19A0E002B7BFA /* base64.c in Sources */ = {isa = PBXBuildFile; fileRef = C2A40A6113D19A0E002B7BFA /* base64.c */; };
		C2A40A6613D19A0E002B7BFA /* CCArray.m in Sources */ = {isa = PBXBuildFile; fileRef = C2A40A6513D19A0E002B7BFA /* CCArray.m */; };
		C2A40A6A13D19A0E002B7BFA /* CCFileUtils.m in Sources */ = {isa = PBXBuildFile; fileRef = C2A40A6913D19A0E002B7BFA /* CCFileUtils.m */; };
		C2A40A6D13D19A0E002B7BFA /* CCProfiling.m in Sources */ = {isa = PBXBuildFile; fileRef = C2A40A6C13D19A0E002B7BFA /* CCProfiling.m */; };
		C2A40A6F13D19A0E002B7BFA /* ccUtils.c in Sources */ = {isa = PBXBuildFile; fileRef = C2A40A6E13D19A0E002B7BFA /* ccUtils.c */; };
		C2A40A7313D19A0E002B7BFA /* CGPointExtension.m in Sources */ = {isa = PBXBuildFile; fileRef = C2A40A7213D19A0E002B7BFA /* CGPointExtension.m */; };
		C2A40A7713D19A0E002B7BFA /* TGAlib.m in Sources */ = {isa = PBXBuildFile; fileRef = C2A40A7613D19A0E002B7BFA /* TGAlib.m */; };
		C2A40A7A13D19A0E002B7BFA /* TransformUtils.m in Sources */ = {isa = PBXBuildFile; fileRef = C2A40A7913D19A0E002B7BFA /* TransformUtils.m */; };
		C2A40A7F13D19A0E002B7BFA /* ZipUtils.m in Sources */ = {isa = PBXBuildFile; fileRef = C2A40A7E13D19A0E002B7BFA /* ZipUtils.m */; };
		C2A40A8413D19A0E002B7BFA /* CDAudioManager.m in Sources */ = {isa = PBXBuildFile; fileRef = C2A40A8313D19A0E002B7BFA /* CDAudioManager.m */; };
		C2A40A8813D19A0E002B7BFA /* CDOpenALSupport.m in Sources */ = {isa = PBXBuildFile; fileRef = C2A40A8713D19A0E002B7BFA /* CDOpenALSupport.m */; };
		C2A40A8B13D19A0E002B7BFA /* CocosDenshion.m in Sources */ = {isa = PBXBuildFile; fileRef = C2A40A8A13D19A0E002B7BFA /* CocosDenshion.m */; };
		C2A40A8E13D19A0E002B7BFA /* SimpleAudioEngine.m in Sources */ = {isa = PBXBuildFile; fileRef = C2A40A8D13D19A0E002B7BFA /* SimpleAudioEngine.m */; };
		C2A40A9313D19A0E002B7BFA /* CDXMacOSXSupport.m in Sources */ = {isa = PBXBuildFile; fileRef = C2A40A9213D19A0E002B7BFA /* CDXMacOSXSupport.m */; };
		C2A40A9613D19A0E002B7BFA /* CDXPropertyModifierAction.m in Sources */ = {isa = PBXBuildFile; fileRef = C2A40A9513D19A0E002B7BFA /* CDXPropertyModifierAction.m */; };
		C2A40A9A13D19A0E002B7BFA /* main.m in Sources */ = {isa = PBXBuildFile; fileRef = C2A40A9913D19A0E002B7BFA /* main.m */; };
		C2A40A9D13D19A0E002B7BFA /* AppDelegate.m in Sources */ = {isa = PBXBuildFile; fileRef = C2A40A9C13D19A0E002B7BFA /* AppDelegate.m */; };
		C2A40AA013D19A0E002B7BFA /* HelloWorldLayer.m in Sources */ = {isa = PBXBuildFile; fileRef = C2A40A9F13D19A0E002B7BFA /* HelloWorldLayer.m */; };
/* End PBXBuildFile section */

/* Begin PBXFileReference section */
		C2A4096C13D19A0D002B7BFA /* ReallyBadEggsOSX.app */ = {isa = PBXFileReference; explicitFileType = wrapper.application; includeInIndex = 0; path = ReallyBadEggsOSX.app; sourceTree = BUILT_PRODUCTS_DIR; };
		C2A4097013D19A0D002B7BFA /* QuartzCore.framework */ = {isa = PBXFileReference; lastKnownFileType = wrapper.framework; name = QuartzCore.framework; path = System/Library/Frameworks/QuartzCore.framework; sourceTree = SDKROOT; };
		C2A4097213D19A0D002B7BFA /* OpenGL.framework */ = {isa = PBXFileReference; lastKnownFileType = wrapper.framework; name = OpenGL.framework; path = System/Library/Frameworks/OpenGL.framework; sourceTree = SDKROOT; };
		C2A4097413D19A0D002B7BFA /* OpenAL.framework */ = {isa = PBXFileReference; lastKnownFileType = wrapper.framework; name = OpenAL.framework; path = System/Library/Frameworks/OpenAL.framework; sourceTree = SDKROOT; };
		C2A4097613D19A0D002B7BFA /* AudioToolbox.framework */ = {isa = PBXFileReference; lastKnownFileType = wrapper.framework; name = AudioToolbox.framework; path = System/Library/Frameworks/AudioToolbox.framework; sourceTree = SDKROOT; };
		C2A4097813D19A0D002B7BFA /* AppKit.framework */ = {isa = PBXFileReference; lastKnownFileType = wrapper.framework; name = AppKit.framework; path = System/Library/Frameworks/AppKit.framework; sourceTree = SDKROOT; };
		C2A4097A13D19A0D002B7BFA /* Foundation.framework */ = {isa = PBXFileReference; lastKnownFileType = wrapper.framework; name = Foundation.framework; path = System/Library/Frameworks/Foundation.framework; sourceTree = SDKROOT; };
		C2A4098013D19A0D002B7BFA /* English */ = {isa = PBXFileReference; lastKnownFileType = text.plist.strings; name = English; path = Resources/English.lproj/InfoPlist.strings; sourceTree = "<group>"; };
		C2A4098313D19A0D002B7BFA /* English */ = {isa = PBXFileReference; lastKnownFileType = file.xib; name = English; path = Resources/English.lproj/MainMenu.xib; sourceTree = "<group>"; };
		C2A4098513D19A0D002B7BFA /* fps_images.png */ = {isa = PBXFileReference; lastKnownFileType = image.png; name = fps_images.png; path = Resources/fps_images.png; sourceTree = "<group>"; };
		C2A4098713D19A0D002B7BFA /* icon.icns */ = {isa = PBXFileReference; lastKnownFileType = image.icns; name = icon.icns; path = Resources/icon.icns; sourceTree = "<group>"; };
		C2A4098913D19A0D002B7BFA /* Info.plist */ = {isa = PBXFileReference; lastKnownFileType = text.plist.xml; name = Info.plist; path = Resources/Info.plist; sourceTree = "<group>"; };
		C2A4098C13D19A0D002B7BFA /* CCAction.h */ = {isa = PBXFileReference; lastKnownFileType = sourcecode.c.h; name = CCAction.h; path = libs/cocos2d/CCAction.h; sourceTree = "<group>"; };
		C2A4098D13D19A0D002B7BFA /* CCAction.m */ = {isa = PBXFileReference; lastKnownFileType = sourcecode.c.objc; name = CCAction.m; path = libs/cocos2d/CCAction.m; sourceTree = "<group>"; };
		C2A4098F13D19A0D002B7BFA /* CCActionCamera.h */ = {isa = PBXFileReference; lastKnownFileType = sourcecode.c.h; name = CCActionCamera.h; path = libs/cocos2d/CCActionCamera.h; sourceTree = "<group>"; };
		C2A4099013D19A0D002B7BFA /* CCActionCamera.m */ = {isa = PBXFileReference; lastKnownFileType = sourcecode.c.objc; name = CCActionCamera.m; path = libs/cocos2d/CCActionCamera.m; sourceTree = "<group>"; };
		C2A4099213D19A0D002B7BFA /* CCActionEase.h */ = {isa = PBXFileReference; lastKnownFileType = sourcecode.c.h; name = CCActionEase.h; path = libs/cocos2d/CCActionEase.h; sourceTree = "<group>"; };
		C2A4099313D19A0D002B7BFA /* CCActionEase.m */ = {isa = PBXFileReference; lastKnownFileType = sourcecode.c.objc; name = CCActionEase.m; path = libs/cocos2d/CCActionEase.m; sourceTree = "<group>"; };
		C2A4099513D19A0D002B7BFA /* CCActionGrid.h */ = {isa = PBXFileReference; lastKnownFileType = sourcecode.c.h; name = CCActionGrid.h; path = libs/cocos2d/CCActionGrid.h; sourceTree = "<group>"; };
		C2A4099613D19A0D002B7BFA /* CCActionGrid.m */ = {isa = PBXFileReference; lastKnownFileType = sourcecode.c.objc; name = CCActionGrid.m; path = libs/cocos2d/CCActionGrid.m; sourceTree = "<group>"; };
		C2A4099813D19A0D002B7BFA /* CCActionGrid3D.h */ = {isa = PBXFileReference; lastKnownFileType = sourcecode.c.h; name = CCActionGrid3D.h; path = libs/cocos2d/CCActionGrid3D.h; sourceTree = "<group>"; };
		C2A4099913D19A0D002B7BFA /* CCActionGrid3D.m */ = {isa = PBXFileReference; lastKnownFileType = sourcecode.c.objc; name = CCActionGrid3D.m; path = libs/cocos2d/CCActionGrid3D.m; sourceTree = "<group>"; };
		C2A4099B13D19A0D002B7BFA /* CCActionInstant.h */ = {isa = PBXFileReference; lastKnownFileType = sourcecode.c.h; name = CCActionInstant.h; path = libs/cocos2d/CCActionInstant.h; sourceTree = "<group>"; };
		C2A4099C13D19A0D002B7BFA /* CCActionInstant.m */ = {isa = PBXFileReference; lastKnownFileType = sourcecode.c.objc; name = CCActionInstant.m; path = libs/cocos2d/CCActionInstant.m; sourceTree = "<group>"; };
		C2A4099E13D19A0D002B7BFA /* CCActionInterval.h */ = {isa = PBXFileReference; lastKnownFileType = sourcecode.c.h; name = CCActionInterval.h; path = libs/cocos2d/CCActionInterval.h; sourceTree = "<group>"; };
		C2A4099F13D19A0D002B7BFA /* CCActionInterval.m */ = {isa = PBXFileReference; lastKnownFileType = sourcecode.c.objc; name = CCActionInterval.m; path = libs/cocos2d/CCActionInterval.m; sourceTree = "<group>"; };
		C2A409A113D19A0D002B7BFA /* CCActionManager.h */ = {isa = PBXFileReference; lastKnownFileType = sourcecode.c.h; name = CCActionManager.h; path = libs/cocos2d/CCActionManager.h; sourceTree = "<group>"; };
		C2A409A213D19A0D002B7BFA /* CCActionManager.m */ = {isa = PBXFileReference; lastKnownFileType = sourcecode.c.objc; name = CCActionManager.m; path = libs/cocos2d/CCActionManager.m; sourceTree = "<group>"; };
		C2A409A413D19A0D002B7BFA /* CCActionPageTurn3D.h */ = {isa = PBXFileReference; lastKnownFileType = sourcecode.c.h; name = CCActionPageTurn3D.h; path = libs/cocos2d/CCActionPageTurn3D.h; sourceTree = "<group>"; };
		C2A409A513D19A0D002B7BFA /* CCActionPageTurn3D.m */ = {isa = PBXFileReference; lastKnownFileType = sourcecode.c.objc; name = CCActionPageTurn3D.m; path = libs/cocos2d/CCActionPageTurn3D.m; sourceTree = "<group>"; };
		C2A409A713D19A0D002B7BFA /* CCActionProgressTimer.h */ = {isa = PBXFileReference; lastKnownFileType = sourcecode.c.h; name = CCActionProgressTimer.h; path = libs/cocos2d/CCActionProgressTimer.h; sourceTree = "<group>"; };
		C2A409A813D19A0D002B7BFA /* CCActionProgressTimer.m */ = {isa = PBXFileReference; lastKnownFileType = sourcecode.c.objc; name = CCActionProgressTimer.m; path = libs/cocos2d/CCActionProgressTimer.m; sourceTree = "<group>"; };
		C2A409AA13D19A0D002B7BFA /* CCActionTiledGrid.h */ = {isa = PBXFileReference; lastKnownFileType = sourcecode.c.h; name = CCActionTiledGrid.h; path = libs/cocos2d/CCActionTiledGrid.h; sourceTree = "<group>"; };
		C2A409AB13D19A0D002B7BFA /* CCActionTiledGrid.m */ = {isa = PBXFileReference; lastKnownFileType = sourcecode.c.objc; name = CCActionTiledGrid.m; path = libs/cocos2d/CCActionTiledGrid.m; sourceTree = "<group>"; };
		C2A409AD13D19A0D002B7BFA /* CCActionTween.h */ = {isa = PBXFileReference; lastKnownFileType = sourcecode.c.h; name = CCActionTween.h; path = libs/cocos2d/CCActionTween.h; sourceTree = "<group>"; };
		C2A409AE13D19A0D002B7BFA /* CCActionTween.m */ = {isa = PBXFileReference; lastKnownFileType = sourcecode.c.objc; name = CCActionTween.m; path = libs/cocos2d/CCActionTween.m; sourceTree = "<group>"; };
		C2A409B013D19A0D002B7BFA /* CCAnimation.h */ = {isa = PBXFileReference; lastKnownFileType = sourcecode.c.h; name = CCAnimation.h; path = libs/cocos2d/CCAnimation.h; sourceTree = "<group>"; };
		C2A409B113D19A0D002B7BFA /* CCAnimation.m */ = {isa = PBXFileReference; lastKnownFileType = sourcecode.c.objc; name = CCAnimation.m; path = libs/cocos2d/CCAnimation.m; sourceTree = "<group>"; };
		C2A409B313D19A0D002B7BFA /* CCAnimationCache.h */ = {isa = PBXFileReference; lastKnownFileType = sourcecode.c.h; name = CCAnimationCache.h; path = libs/cocos2d/CCAnimationCache.h; sourceTree = "<group>"; };
		C2A409B413D19A0D002B7BFA /* CCAnimationCache.m */ = {isa = PBXFileReference; lastKnownFileType = sourcecode.c.objc; name = CCAnimationCache.m; path = libs/cocos2d/CCAnimationCache.m; sourceTree = "<group>"; };
		C2A409B613D19A0D002B7BFA /* CCAtlasNode.h */ = {isa = PBXFileReference; lastKnownFileType = sourcecode.c.h; name = CCAtlasNode.h; path = libs/cocos2d/CCAtlasNode.h; sourceTree = "<group>"; };
		C2A409B713D19A0D002B7BFA /* CCAtlasNode.m */ = {isa = PBXFileReference; lastKnownFileType = sourcecode.c.objc; name = CCAtlasNode.m; path = libs/cocos2d/CCAtlasNode.m; sourceTree = "<group>"; };
		C2A409B913D19A0D002B7BFA /* CCBlockSupport.h */ = {isa = PBXFileReference; lastKnownFileType = sourcecode.c.h; name = CCBlockSupport.h; path = libs/cocos2d/CCBlockSupport.h; sourceTree = "<group>"; };
		C2A409BA13D19A0D002B7BFA /* CCBlockSupport.m */ = {isa = PBXFileReference; lastKnownFileType = sourcecode.c.objc; name = CCBlockSupport.m; path = libs/cocos2d/CCBlockSupport.m; sourceTree = "<group>"; };
		C2A409BC13D19A0D002B7BFA /* CCCamera.h */ = {isa = PBXFileReference; lastKnownFileType = sourcecode.c.h; name = CCCamera.h; path = libs/cocos2d/CCCamera.h; sourceTree = "<group>"; };
		C2A409BD13D19A0D002B7BFA /* CCCamera.m */ = {isa = PBXFileReference; lastKnownFileType = sourcecode.c.objc; name = CCCamera.m; path = libs/cocos2d/CCCamera.m; sourceTree = "<group>"; };
		C2A409BF13D19A0D002B7BFA /* ccConfig.h */ = {isa = PBXFileReference; lastKnownFileType = sourcecode.c.h; name = ccConfig.h; path = libs/cocos2d/ccConfig.h; sourceTree = "<group>"; };
		C2A409C013D19A0D002B7BFA /* CCConfiguration.h */ = {isa = PBXFileReference; lastKnownFileType = sourcecode.c.h; name = CCConfiguration.h; path = libs/cocos2d/CCConfiguration.h; sourceTree = "<group>"; };
		C2A409C113D19A0D002B7BFA /* CCConfiguration.m */ = {isa = PBXFileReference; lastKnownFileType = sourcecode.c.objc; name = CCConfiguration.m; path = libs/cocos2d/CCConfiguration.m; sourceTree = "<group>"; };
		C2A409C313D19A0D002B7BFA /* CCDirector.h */ = {isa = PBXFileReference; lastKnownFileType = sourcecode.c.h; name = CCDirector.h; path = libs/cocos2d/CCDirector.h; sourceTree = "<group>"; };
		C2A409C413D19A0D002B7BFA /* CCDirector.m */ = {isa = PBXFileReference; lastKnownFileType = sourcecode.c.objc; name = CCDirector.m; path = libs/cocos2d/CCDirector.m; sourceTree = "<group>"; };
		C2A409C613D19A0D002B7BFA /* CCDrawingPrimitives.h */ = {isa = PBXFileReference; lastKnownFileType = sourcecode.c.h; name = CCDrawingPrimitives.h; path = libs/cocos2d/CCDrawingPrimitives.h; sourceTree = "<group>"; };
		C2A409C713D19A0D002B7BFA /* CCDrawingPrimitives.m */ = {isa = PBXFileReference; lastKnownFileType = sourcecode.c.objc; name = CCDrawingPrimitives.m; path = libs/cocos2d/CCDrawingPrimitives.m; sourceTree = "<group>"; };
		C2A409C913D19A0D002B7BFA /* CCGrabber.h */ = {isa = PBXFileReference; lastKnownFileType = sourcecode.c.h; name = CCGrabber.h; path = libs/cocos2d/CCGrabber.h; sourceTree = "<group>"; };
		C2A409CA13D19A0D002B7BFA /* CCGrabber.m */ = {isa = PBXFileReference; lastKnownFileType = sourcecode.c.objc; name = CCGrabber.m; path = libs/cocos2d/CCGrabber.m; sourceTree = "<group>"; };
		C2A409CC13D19A0D002B7BFA /* CCGrid.h */ = {isa = PBXFileReference; lastKnownFileType = sourcecode.c.h; name = CCGrid.h; path = libs/cocos2d/CCGrid.h; sourceTree = "<group>"; };
		C2A409CD13D19A0D002B7BFA /* CCGrid.m */ = {isa = PBXFileReference; lastKnownFileType = sourcecode.c.objc; name = CCGrid.m; path = libs/cocos2d/CCGrid.m; sourceTree = "<group>"; };
		C2A409CF13D19A0D002B7BFA /* CCLabelAtlas.h */ = {isa = PBXFileReference; lastKnownFileType = sourcecode.c.h; name = CCLabelAtlas.h; path = libs/cocos2d/CCLabelAtlas.h; sourceTree = "<group>"; };
		C2A409D013D19A0D002B7BFA /* CCLabelAtlas.m */ = {isa = PBXFileReference; lastKnownFileType = sourcecode.c.objc; name = CCLabelAtlas.m; path = libs/cocos2d/CCLabelAtlas.m; sourceTree = "<group>"; };
		C2A409D213D19A0D002B7BFA /* CCLabelBMFont.h */ = {isa = PBXFileReference; lastKnownFileType = sourcecode.c.h; name = CCLabelBMFont.h; path = libs/cocos2d/CCLabelBMFont.h; sourceTree = "<group>"; };
		C2A409D313D19A0D002B7BFA /* CCLabelBMFont.m */ = {isa = PBXFileReference; lastKnownFileType = sourcecode.c.objc; name = CCLabelBMFont.m; path = libs/cocos2d/CCLabelBMFont.m; sourceTree = "<group>"; };
		C2A409D513D19A0D002B7BFA /* CCLabelTTF.h */ = {isa = PBXFileReference; lastKnownFileType = sourcecode.c.h; name = CCLabelTTF.h; path = libs/cocos2d/CCLabelTTF.h; sourceTree = "<group>"; };
		C2A409D613D19A0D002B7BFA /* CCLabelTTF.m */ = {isa = PBXFileReference; lastKnownFileType = sourcecode.c.objc; name = CCLabelTTF.m; path = libs/cocos2d/CCLabelTTF.m; sourceTree = "<group>"; };
		C2A409D813D19A0D002B7BFA /* CCLayer.h */ = {isa = PBXFileReference; lastKnownFileType = sourcecode.c.h; name = CCLayer.h; path = libs/cocos2d/CCLayer.h; sourceTree = "<group>"; };
		C2A409D913D19A0D002B7BFA /* CCLayer.m */ = {isa = PBXFileReference; lastKnownFileType = sourcecode.c.objc; name = CCLayer.m; path = libs/cocos2d/CCLayer.m; sourceTree = "<group>"; };
		C2A409DB13D19A0D002B7BFA /* ccMacros.h */ = {isa = PBXFileReference; lastKnownFileType = sourcecode.c.h; name = ccMacros.h; path = libs/cocos2d/ccMacros.h; sourceTree = "<group>"; };
		C2A409DC13D19A0D002B7BFA /* CCMenu.h */ = {isa = PBXFileReference; lastKnownFileType = sourcecode.c.h; name = CCMenu.h; path = libs/cocos2d/CCMenu.h; sourceTree = "<group>"; };
		C2A409DD13D19A0D002B7BFA /* CCMenu.m */ = {isa = PBXFileReference; lastKnownFileType = sourcecode.c.objc; name = CCMenu.m; path = libs/cocos2d/CCMenu.m; sourceTree = "<group>"; };
		C2A409DF13D19A0D002B7BFA /* CCMenuItem.h */ = {isa = PBXFileReference; lastKnownFileType = sourcecode.c.h; name = CCMenuItem.h; path = libs/cocos2d/CCMenuItem.h; sourceTree = "<group>"; };
		C2A409E013D19A0D002B7BFA /* CCMenuItem.m */ = {isa = PBXFileReference; lastKnownFileType = sourcecode.c.objc; name = CCMenuItem.m; path = libs/cocos2d/CCMenuItem.m; sourceTree = "<group>"; };
		C2A409E213D19A0D002B7BFA /* CCMotionStreak.h */ = {isa = PBXFileReference; lastKnownFileType = sourcecode.c.h; name = CCMotionStreak.h; path = libs/cocos2d/CCMotionStreak.h; sourceTree = "<group>"; };
		C2A409E313D19A0D002B7BFA /* CCMotionStreak.m */ = {isa = PBXFileReference; lastKnownFileType = sourcecode.c.objc; name = CCMotionStreak.m; path = libs/cocos2d/CCMotionStreak.m; sourceTree = "<group>"; };
		C2A409E513D19A0D002B7BFA /* CCNode.h */ = {isa = PBXFileReference; lastKnownFileType = sourcecode.c.h; name = CCNode.h; path = libs/cocos2d/CCNode.h; sourceTree = "<group>"; };
		C2A409E613D19A0D002B7BFA /* CCNode.m */ = {isa = PBXFileReference; lastKnownFileType = sourcecode.c.objc; name = CCNode.m; path = libs/cocos2d/CCNode.m; sourceTree = "<group>"; };
		C2A409E813D19A0D002B7BFA /* CCParallaxNode.h */ = {isa = PBXFileReference; lastKnownFileType = sourcecode.c.h; name = CCParallaxNode.h; path = libs/cocos2d/CCParallaxNode.h; sourceTree = "<group>"; };
		C2A409E913D19A0D002B7BFA /* CCParallaxNode.m */ = {isa = PBXFileReference; lastKnownFileType = sourcecode.c.objc; name = CCParallaxNode.m; path = libs/cocos2d/CCParallaxNode.m; sourceTree = "<group>"; };
		C2A409EB13D19A0D002B7BFA /* CCParticleExamples.h */ = {isa = PBXFileReference; lastKnownFileType = sourcecode.c.h; name = CCParticleExamples.h; path = libs/cocos2d/CCParticleExamples.h; sourceTree = "<group>"; };
		C2A409EC13D19A0D002B7BFA /* CCParticleExamples.m */ = {isa = PBXFileReference; lastKnownFileType = sourcecode.c.objc; name = CCParticleExamples.m; path = libs/cocos2d/CCParticleExamples.m; sourceTree = "<group>"; };
		C2A409EE13D19A0D002B7BFA /* CCParticleSystem.h */ = {isa = PBXFileReference; lastKnownFileType = sourcecode.c.h; name = CCParticleSystem.h; path = libs/cocos2d/CCParticleSystem.h; sourceTree = "<group>"; };
		C2A409EF13D19A0D002B7BFA /* CCParticleSystem.m */ = {isa = PBXFileReference; lastKnownFileType = sourcecode.c.objc; name = CCParticleSystem.m; path = libs/cocos2d/CCParticleSystem.m; sourceTree = "<group>"; };
		C2A409F113D19A0D002B7BFA /* CCParticleSystemPoint.h */ = {isa = PBXFileReference; lastKnownFileType = sourcecode.c.h; name = CCParticleSystemPoint.h; path = libs/cocos2d/CCParticleSystemPoint.h; sourceTree = "<group>"; };
		C2A409F213D19A0D002B7BFA /* CCParticleSystemPoint.m */ = {isa = PBXFileReference; lastKnownFileType = sourcecode.c.objc; name = CCParticleSystemPoint.m; path = libs/cocos2d/CCParticleSystemPoint.m; sourceTree = "<group>"; };
		C2A409F413D19A0D002B7BFA /* CCParticleSystemQuad.h */ = {isa = PBXFileReference; lastKnownFileType = sourcecode.c.h; name = CCParticleSystemQuad.h; path = libs/cocos2d/CCParticleSystemQuad.h; sourceTree = "<group>"; };
		C2A409F513D19A0D002B7BFA /* CCParticleSystemQuad.m */ = {isa = PBXFileReference; lastKnownFileType = sourcecode.c.objc; name = CCParticleSystemQuad.m; path = libs/cocos2d/CCParticleSystemQuad.m; sourceTree = "<group>"; };
		C2A409F713D19A0D002B7BFA /* CCProgressTimer.h */ = {isa = PBXFileReference; lastKnownFileType = sourcecode.c.h; name = CCProgressTimer.h; path = libs/cocos2d/CCProgressTimer.h; sourceTree = "<group>"; };
		C2A409F813D19A0D002B7BFA /* CCProgressTimer.m */ = {isa = PBXFileReference; lastKnownFileType = sourcecode.c.objc; name = CCProgressTimer.m; path = libs/cocos2d/CCProgressTimer.m; sourceTree = "<group>"; };
		C2A409FA13D19A0D002B7BFA /* CCProtocols.h */ = {isa = PBXFileReference; lastKnownFileType = sourcecode.c.h; name = CCProtocols.h; path = libs/cocos2d/CCProtocols.h; sourceTree = "<group>"; };
		C2A409FB13D19A0D002B7BFA /* CCRenderTexture.h */ = {isa = PBXFileReference; lastKnownFileType = sourcecode.c.h; name = CCRenderTexture.h; path = libs/cocos2d/CCRenderTexture.h; sourceTree = "<group>"; };
		C2A409FC13D19A0D002B7BFA /* CCRenderTexture.m */ = {isa = PBXFileReference; lastKnownFileType = sourcecode.c.objc; name = CCRenderTexture.m; path = libs/cocos2d/CCRenderTexture.m; sourceTree = "<group>"; };
		C2A409FE13D19A0D002B7BFA /* CCRibbon.h */ = {isa = PBXFileReference; lastKnownFileType = sourcecode.c.h; name = CCRibbon.h; path = libs/cocos2d/CCRibbon.h; sourceTree = "<group>"; };
		C2A409FF13D19A0D002B7BFA /* CCRibbon.m */ = {isa = PBXFileReference; lastKnownFileType = sourcecode.c.objc; name = CCRibbon.m; path = libs/cocos2d/CCRibbon.m; sourceTree = "<group>"; };
		C2A40A0113D19A0D002B7BFA /* CCScene.h */ = {isa = PBXFileReference; lastKnownFileType = sourcecode.c.h; name = CCScene.h; path = libs/cocos2d/CCScene.h; sourceTree = "<group>"; };
		C2A40A0213D19A0D002B7BFA /* CCScene.m */ = {isa = PBXFileReference; lastKnownFileType = sourcecode.c.objc; name = CCScene.m; path = libs/cocos2d/CCScene.m; sourceTree = "<group>"; };
		C2A40A0413D19A0D002B7BFA /* CCScheduler.h */ = {isa = PBXFileReference; lastKnownFileType = sourcecode.c.h; name = CCScheduler.h; path = libs/cocos2d/CCScheduler.h; sourceTree = "<group>"; };
		C2A40A0513D19A0D002B7BFA /* CCScheduler.m */ = {isa = PBXFileReference; lastKnownFileType = sourcecode.c.objc; name = CCScheduler.m; path = libs/cocos2d/CCScheduler.m; sourceTree = "<group>"; };
		C2A40A0713D19A0D002B7BFA /* CCSprite.h */ = {isa = PBXFileReference; lastKnownFileType = sourcecode.c.h; name = CCSprite.h; path = libs/cocos2d/CCSprite.h; sourceTree = "<group>"; };
		C2A40A0813D19A0D002B7BFA /* CCSprite.m */ = {isa = PBXFileReference; lastKnownFileType = sourcecode.c.objc; name = CCSprite.m; path = libs/cocos2d/CCSprite.m; sourceTree = "<group>"; };
		C2A40A0A13D19A0D002B7BFA /* CCSpriteBatchNode.h */ = {isa = PBXFileReference; lastKnownFileType = sourcecode.c.h; name = CCSpriteBatchNode.h; path = libs/cocos2d/CCSpriteBatchNode.h; sourceTree = "<group>"; };
		C2A40A0B13D19A0D002B7BFA /* CCSpriteBatchNode.m */ = {isa = PBXFileReference; lastKnownFileType = sourcecode.c.objc; name = CCSpriteBatchNode.m; path = libs/cocos2d/CCSpriteBatchNode.m; sourceTree = "<group>"; };
		C2A40A0D13D19A0D002B7BFA /* CCSpriteFrame.h */ = {isa = PBXFileReference; lastKnownFileType = sourcecode.c.h; name = CCSpriteFrame.h; path = libs/cocos2d/CCSpriteFrame.h; sourceTree = "<group>"; };
		C2A40A0E13D19A0E002B7BFA /* CCSpriteFrame.m */ = {isa = PBXFileReference; lastKnownFileType = sourcecode.c.objc; name = CCSpriteFrame.m; path = libs/cocos2d/CCSpriteFrame.m; sourceTree = "<group>"; };
		C2A40A1013D19A0E002B7BFA /* CCSpriteFrameCache.h */ = {isa = PBXFileReference; lastKnownFileType = sourcecode.c.h; name = CCSpriteFrameCache.h; path = libs/cocos2d/CCSpriteFrameCache.h; sourceTree = "<group>"; };
		C2A40A1113D19A0E002B7BFA /* CCSpriteFrameCache.m */ = {isa = PBXFileReference; lastKnownFileType = sourcecode.c.objc; name = CCSpriteFrameCache.m; path = libs/cocos2d/CCSpriteFrameCache.m; sourceTree = "<group>"; };
		C2A40A1313D19A0E002B7BFA /* CCTexture2D.h */ = {isa = PBXFileReference; lastKnownFileType = sourcecode.c.h; name = CCTexture2D.h; path = libs/cocos2d/CCTexture2D.h; sourceTree = "<group>"; };
		C2A40A1413D19A0E002B7BFA /* CCTexture2D.m */ = {isa = PBXFileReference; lastKnownFileType = sourcecode.c.objc; name = CCTexture2D.m; path = libs/cocos2d/CCTexture2D.m; sourceTree = "<group>"; };
		C2A40A1613D19A0E002B7BFA /* CCTextureAtlas.h */ = {isa = PBXFileReference; lastKnownFileType = sourcecode.c.h; name = CCTextureAtlas.h; path = libs/cocos2d/CCTextureAtlas.h; sourceTree = "<group>"; };
		C2A40A1713D19A0E002B7BFA /* CCTextureAtlas.m */ = {isa = PBXFileReference; lastKnownFileType = sourcecode.c.objc; name = CCTextureAtlas.m; path = libs/cocos2d/CCTextureAtlas.m; sourceTree = "<group>"; };
		C2A40A1913D19A0E002B7BFA /* CCTextureCache.h */ = {isa = PBXFileReference; lastKnownFileType = sourcecode.c.h; name = CCTextureCache.h; path = libs/cocos2d/CCTextureCache.h; sourceTree = "<group>"; };
		C2A40A1A13D19A0E002B7BFA /* CCTextureCache.m */ = {isa = PBXFileReference; lastKnownFileType = sourcecode.c.objc; name = CCTextureCache.m; path = libs/cocos2d/CCTextureCache.m; sourceTree = "<group>"; };
		C2A40A1C13D19A0E002B7BFA /* CCTexturePVR.h */ = {isa = PBXFileReference; lastKnownFileType = sourcecode.c.h; name = CCTexturePVR.h; path = libs/cocos2d/CCTexturePVR.h; sourceTree = "<group>"; };
		C2A40A1D13D19A0E002B7BFA /* CCTexturePVR.m */ = {isa = PBXFileReference; lastKnownFileType = sourcecode.c.objc; name = CCTexturePVR.m; path = libs/cocos2d/CCTexturePVR.m; sourceTree = "<group>"; };
		C2A40A1F13D19A0E002B7BFA /* CCTileMapAtlas.h */ = {isa = PBXFileReference; lastKnownFileType = sourcecode.c.h; name = CCTileMapAtlas.h; path = libs/cocos2d/CCTileMapAtlas.h; sourceTree = "<group>"; };
		C2A40A2013D19A0E002B7BFA /* CCTileMapAtlas.m */ = {isa = PBXFileReference; lastKnownFileType = sourcecode.c.objc; name = CCTileMapAtlas.m; path = libs/cocos2d/CCTileMapAtlas.m; sourceTree = "<group>"; };
		C2A40A2213D19A0E002B7BFA /* CCTMXLayer.h */ = {isa = PBXFileReference; lastKnownFileType = sourcecode.c.h; name = CCTMXLayer.h; path = libs/cocos2d/CCTMXLayer.h; sourceTree = "<group>"; };
		C2A40A2313D19A0E002B7BFA /* CCTMXLayer.m */ = {isa = PBXFileReference; lastKnownFileType = sourcecode.c.objc; name = CCTMXLayer.m; path = libs/cocos2d/CCTMXLayer.m; sourceTree = "<group>"; };
		C2A40A2513D19A0E002B7BFA /* CCTMXObjectGroup.h */ = {isa = PBXFileReference; lastKnownFileType = sourcecode.c.h; name = CCTMXObjectGroup.h; path = libs/cocos2d/CCTMXObjectGroup.h; sourceTree = "<group>"; };
		C2A40A2613D19A0E002B7BFA /* CCTMXObjectGroup.m */ = {isa = PBXFileReference; lastKnownFileType = sourcecode.c.objc; name = CCTMXObjectGroup.m; path = libs/cocos2d/CCTMXObjectGroup.m; sourceTree = "<group>"; };
		C2A40A2813D19A0E002B7BFA /* CCTMXTiledMap.h */ = {isa = PBXFileReference; lastKnownFileType = sourcecode.c.h; name = CCTMXTiledMap.h; path = libs/cocos2d/CCTMXTiledMap.h; sourceTree = "<group>"; };
		C2A40A2913D19A0E002B7BFA /* CCTMXTiledMap.m */ = {isa = PBXFileReference; lastKnownFileType = sourcecode.c.objc; name = CCTMXTiledMap.m; path = libs/cocos2d/CCTMXTiledMap.m; sourceTree = "<group>"; };
		C2A40A2B13D19A0E002B7BFA /* CCTMXXMLParser.h */ = {isa = PBXFileReference; lastKnownFileType = sourcecode.c.h; name = CCTMXXMLParser.h; path = libs/cocos2d/CCTMXXMLParser.h; sourceTree = "<group>"; };
		C2A40A2C13D19A0E002B7BFA /* CCTMXXMLParser.m */ = {isa = PBXFileReference; lastKnownFileType = sourcecode.c.objc; name = CCTMXXMLParser.m; path = libs/cocos2d/CCTMXXMLParser.m; sourceTree = "<group>"; };
		C2A40A2E13D19A0E002B7BFA /* CCTransition.h */ = {isa = PBXFileReference; lastKnownFileType = sourcecode.c.h; name = CCTransition.h; path = libs/cocos2d/CCTransition.h; sourceTree = "<group>"; };
		C2A40A2F13D19A0E002B7BFA /* CCTransition.m */ = {isa = PBXFileReference; lastKnownFileType = sourcecode.c.objc; name = CCTransition.m; path = libs/cocos2d/CCTransition.m; sourceTree = "<group>"; };
		C2A40A3113D19A0E002B7BFA /* CCTransitionPageTurn.h */ = {isa = PBXFileReference; lastKnownFileType = sourcecode.c.h; name = CCTransitionPageTurn.h; path = libs/cocos2d/CCTransitionPageTurn.h; sourceTree = "<group>"; };
		C2A40A3213D19A0E002B7BFA /* CCTransitionPageTurn.m */ = {isa = PBXFileReference; lastKnownFileType = sourcecode.c.objc; name = CCTransitionPageTurn.m; path = libs/cocos2d/CCTransitionPageTurn.m; sourceTree = "<group>"; };
		C2A40A3413D19A0E002B7BFA /* CCTransitionRadial.h */ = {isa = PBXFileReference; lastKnownFileType = sourcecode.c.h; name = CCTransitionRadial.h; path = libs/cocos2d/CCTransitionRadial.h; sourceTree = "<group>"; };
		C2A40A3513D19A0E002B7BFA /* CCTransitionRadial.m */ = {isa = PBXFileReference; lastKnownFileType = sourcecode.c.objc; name = CCTransitionRadial.m; path = libs/cocos2d/CCTransitionRadial.m; sourceTree = "<group>"; };
		C2A40A3713D19A0E002B7BFA /* ccTypes.h */ = {isa = PBXFileReference; lastKnownFileType = sourcecode.c.h; name = ccTypes.h; path = libs/cocos2d/ccTypes.h; sourceTree = "<group>"; };
		C2A40A3813D19A0E002B7BFA /* cocos2d.h */ = {isa = PBXFileReference; lastKnownFileType = sourcecode.c.h; name = cocos2d.h; path = libs/cocos2d/cocos2d.h; sourceTree = "<group>"; };
		C2A40A3913D19A0E002B7BFA /* cocos2d.m */ = {isa = PBXFileReference; lastKnownFileType = sourcecode.c.objc; name = cocos2d.m; path = libs/cocos2d/cocos2d.m; sourceTree = "<group>"; };
		C2A40A3C13D19A0E002B7BFA /* CCGL.h */ = {isa = PBXFileReference; lastKnownFileType = sourcecode.c.h; name = CCGL.h; path = libs/cocos2d/Platforms/CCGL.h; sourceTree = "<group>"; };
		C2A40A3D13D19A0E002B7BFA /* CCNS.h */ = {isa = PBXFileReference; lastKnownFileType = sourcecode.c.h; name = CCNS.h; path = libs/cocos2d/Platforms/CCNS.h; sourceTree = "<group>"; };
		C2A40A3F13D19A0E002B7BFA /* CCDirectorIOS.h */ = {isa = PBXFileReference; lastKnownFileType = sourcecode.c.h; name = CCDirectorIOS.h; path = libs/cocos2d/Platforms/iOS/CCDirectorIOS.h; sourceTree = "<group>"; };
		C2A40A4013D19A0E002B7BFA /* CCDirectorIOS.m */ = {isa = PBXFileReference; lastKnownFileType = sourcecode.c.objc; name = CCDirectorIOS.m; path = libs/cocos2d/Platforms/iOS/CCDirectorIOS.m; sourceTree = "<group>"; };
		C2A40A4213D19A0E002B7BFA /* CCTouchDelegateProtocol.h */ = {isa = PBXFileReference; lastKnownFileType = sourcecode.c.h; name = CCTouchDelegateProtocol.h; path = libs/cocos2d/Platforms/iOS/CCTouchDelegateProtocol.h; sourceTree = "<group>"; };
		C2A40A4313D19A0E002B7BFA /* CCTouchDispatcher.h */ = {isa = PBXFileReference; lastKnownFileType = sourcecode.c.h; name = CCTouchDispatcher.h; path = libs/cocos2d/Platforms/iOS/CCTouchDispatcher.h; sourceTree = "<group>"; };
		C2A40A4413D19A0E002B7BFA /* CCTouchDispatcher.m */ = {isa = PBXFileReference; lastKnownFileType = sourcecode.c.objc; name = CCTouchDispatcher.m; path = libs/cocos2d/Platforms/iOS/CCTouchDispatcher.m; sourceTree = "<group>"; };
		C2A40A4613D19A0E002B7BFA /* CCTouchHandler.h */ = {isa = PBXFileReference; lastKnownFileType = sourcecode.c.h; name = CCTouchHandler.h; path = libs/cocos2d/Platforms/iOS/CCTouchHandler.h; sourceTree = "<group>"; };
		C2A40A4713D19A0E002B7BFA /* CCTouchHandler.m */ = {isa = PBXFileReference; lastKnownFileType = sourcecode.c.objc; name = CCTouchHandler.m; path = libs/cocos2d/Platforms/iOS/CCTouchHandler.m; sourceTree = "<group>"; };
		C2A40A4913D19A0E002B7BFA /* EAGLView.h */ = {isa = PBXFileReference; lastKnownFileType = sourcecode.c.h; name = EAGLView.h; path = libs/cocos2d/Platforms/iOS/EAGLView.h; sourceTree = "<group>"; };
		C2A40A4A13D19A0E002B7BFA /* EAGLView.m */ = {isa = PBXFileReference; lastKnownFileType = sourcecode.c.objc; name = EAGLView.m; path = libs/cocos2d/Platforms/iOS/EAGLView.m; sourceTree = "<group>"; };
		C2A40A4C13D19A0E002B7BFA /* ES1Renderer.h */ = {isa = PBXFileReference; lastKnownFileType = sourcecode.c.h; name = ES1Renderer.h; path = libs/cocos2d/Platforms/iOS/ES1Renderer.h; sourceTree = "<group>"; };
		C2A40A4D13D19A0E002B7BFA /* ES1Renderer.m */ = {isa = PBXFileReference; lastKnownFileType = sourcecode.c.objc; name = ES1Renderer.m; path = libs/cocos2d/Platforms/iOS/ES1Renderer.m; sourceTree = "<group>"; };
		C2A40A4F13D19A0E002B7BFA /* ESRenderer.h */ = {isa = PBXFileReference; lastKnownFileType = sourcecode.c.h; name = ESRenderer.h; path = libs/cocos2d/Platforms/iOS/ESRenderer.h; sourceTree = "<group>"; };
		C2A40A5013D19A0E002B7BFA /* glu.c */ = {isa = PBXFileReference; lastKnownFileType = sourcecode.c.c; name = glu.c; path = libs/cocos2d/Platforms/iOS/glu.c; sourceTree = "<group>"; };
		C2A40A5213D19A0E002B7BFA /* glu.h */ = {isa = PBXFileReference; lastKnownFileType = sourcecode.c.h; name = glu.h; path = libs/cocos2d/Platforms/iOS/glu.h; sourceTree = "<group>"; };
		C2A40A5413D19A0E002B7BFA /* CCDirectorMac.h */ = {isa = PBXFileReference; lastKnownFileType = sourcecode.c.h; name = CCDirectorMac.h; path = libs/cocos2d/Platforms/Mac/CCDirectorMac.h; sourceTree = "<group>"; };
		C2A40A5513D19A0E002B7BFA /* CCDirectorMac.m */ = {isa = PBXFileReference; lastKnownFileType = sourcecode.c.objc; name = CCDirectorMac.m; path = libs/cocos2d/Platforms/Mac/CCDirectorMac.m; sourceTree = "<group>"; };
		C2A40A5713D19A0E002B7BFA /* CCEventDispatcher.h */ = {isa = PBXFileReference; lastKnownFileType = sourcecode.c.h; name = CCEventDispatcher.h; path = libs/cocos2d/Platforms/Mac/CCEventDispatcher.h; sourceTree = "<group>"; };
		C2A40A5813D19A0E002B7BFA /* CCEventDispatcher.m */ = {isa = PBXFileReference; lastKnownFileType = sourcecode.c.objc; name = CCEventDispatcher.m; path = libs/cocos2d/Platforms/Mac/CCEventDispatcher.m; sourceTree = "<group>"; };
		C2A40A5A13D19A0E002B7BFA /* MacGLView.h */ = {isa = PBXFileReference; lastKnownFileType = sourcecode.c.h; name = MacGLView.h; path = libs/cocos2d/Platforms/Mac/MacGLView.h; sourceTree = "<group>"; };
		C2A40A5B13D19A0E002B7BFA /* MacGLView.m */ = {isa = PBXFileReference; lastKnownFileType = sourcecode.c.objc; name = MacGLView.m; path = libs/cocos2d/Platforms/Mac/MacGLView.m; sourceTree = "<group>"; };
		C2A40A5D13D19A0E002B7BFA /* MacWindow.h */ = {isa = PBXFileReference; lastKnownFileType = sourcecode.c.h; name = MacWindow.h; path = libs/cocos2d/Platforms/Mac/MacWindow.h; sourceTree = "<group>"; };
		C2A40A5E13D19A0E002B7BFA /* MacWindow.m */ = {isa = PBXFileReference; lastKnownFileType = sourcecode.c.objc; name = MacWindow.m; path = libs/cocos2d/Platforms/Mac/MacWindow.m; sourceTree = "<group>"; };
		C2A40A6113D19A0E002B7BFA /* base64.c */ = {isa = PBXFileReference; lastKnownFileType = sourcecode.c.c; name = base64.c; path = libs/cocos2d/Support/base64.c; sourceTree = "<group>"; };
		C2A40A6313D19A0E002B7BFA /* base64.h */ = {isa = PBXFileReference; lastKnownFileType = sourcecode.c.h; name = base64.h; path = libs/cocos2d/Support/base64.h; sourceTree = "<group>"; };
		C2A40A6413D19A0E002B7BFA /* CCArray.h */ = {isa = PBXFileReference; lastKnownFileType = sourcecode.c.h; name = CCArray.h; path = libs/cocos2d/Support/CCArray.h; sourceTree = "<group>"; };
		C2A40A6513D19A0E002B7BFA /* CCArray.m */ = {isa = PBXFileReference; lastKnownFileType = sourcecode.c.objc; name = CCArray.m; path = libs/cocos2d/Support/CCArray.m; sourceTree = "<group>"; };
		C2A40A6713D19A0E002B7BFA /* ccCArray.h */ = {isa = PBXFileReference; lastKnownFileType = sourcecode.c.h; name = ccCArray.h; path = libs/cocos2d/Support/ccCArray.h; sourceTree = "<group>"; };
		C2A40A6813D19A0E002B7BFA /* CCFileUtils.h */ = {isa = PBXFileReference; lastKnownFileType = sourcecode.c.h; name = CCFileUtils.h; path = libs/cocos2d/Support/CCFileUtils.h; sourceTree = "<group>"; };
		C2A40A6913D19A0E002B7BFA /* CCFileUtils.m */ = {isa = PBXFileReference; lastKnownFileType = sourcecode.c.objc; name = CCFileUtils.m; path = libs/cocos2d/Support/CCFileUtils.m; sourceTree = "<group>"; };
		C2A40A6B13D19A0E002B7BFA /* CCProfiling.h */ = {isa = PBXFileReference; lastKnownFileType = sourcecode.c.h; name = CCProfiling.h; path = libs/cocos2d/Support/CCProfiling.h; sourceTree = "<group>"; };
		C2A40A6C13D19A0E002B7BFA /* CCProfiling.m */ = {isa = PBXFileReference; lastKnownFileType = sourcecode.c.objc; name = CCProfiling.m; path = libs/cocos2d/Support/CCProfiling.m; sourceTree = "<group>"; };
		C2A40A6E13D19A0E002B7BFA /* ccUtils.c */ = {isa = PBXFileReference; lastKnownFileType = sourcecode.c.c; name = ccUtils.c; path = libs/cocos2d/Support/ccUtils.c; sourceTree = "<group>"; };
		C2A40A7013D19A0E002B7BFA /* ccUtils.h */ = {isa = PBXFileReference; lastKnownFileType = sourcecode.c.h; name = ccUtils.h; path = libs/cocos2d/Support/ccUtils.h; sourceTree = "<group>"; };
		C2A40A7113D19A0E002B7BFA /* CGPointExtension.h */ = {isa = PBXFileReference; lastKnownFileType = sourcecode.c.h; name = CGPointExtension.h; path = libs/cocos2d/Support/CGPointExtension.h; sourceTree = "<group>"; };
		C2A40A7213D19A0E002B7BFA /* CGPointExtension.m */ = {isa = PBXFileReference; lastKnownFileType = sourcecode.c.objc; name = CGPointExtension.m; path = libs/cocos2d/Support/CGPointExtension.m; sourceTree = "<group>"; };
		C2A40A7413D19A0E002B7BFA /* OpenGL_Internal.h */ = {isa = PBXFileReference; lastKnownFileType = sourcecode.c.h; name = OpenGL_Internal.h; path = libs/cocos2d/Support/OpenGL_Internal.h; sourceTree = "<group>"; };
		C2A40A7513D19A0E002B7BFA /* TGAlib.h */ = {isa = PBXFileReference; lastKnownFileType = sourcecode.c.h; name = TGAlib.h; path = libs/cocos2d/Support/TGAlib.h; sourceTree = "<group>"; };
		C2A40A7613D19A0E002B7BFA /* TGAlib.m */ = {isa = PBXFileReference; lastKnownFileType = sourcecode.c.objc; name = TGAlib.m; path = libs/cocos2d/Support/TGAlib.m; sourceTree = "<group>"; };
		C2A40A7813D19A0E002B7BFA /* TransformUtils.h */ = {isa = PBXFileReference; lastKnownFileType = sourcecode.c.h; name = TransformUtils.h; path = libs/cocos2d/Support/TransformUtils.h; sourceTree = "<group>"; };
		C2A40A7913D19A0E002B7BFA /* TransformUtils.m */ = {isa = PBXFileReference; lastKnownFileType = sourcecode.c.objc; name = TransformUtils.m; path = libs/cocos2d/Support/TransformUtils.m; sourceTree = "<group>"; };
		C2A40A7B13D19A0E002B7BFA /* uthash.h */ = {isa = PBXFileReference; lastKnownFileType = sourcecode.c.h; name = uthash.h; path = libs/cocos2d/Support/uthash.h; sourceTree = "<group>"; };
		C2A40A7C13D19A0E002B7BFA /* utlist.h */ = {isa = PBXFileReference; lastKnownFileType = sourcecode.c.h; name = utlist.h; path = libs/cocos2d/Support/utlist.h; sourceTree = "<group>"; };
		C2A40A7D13D19A0E002B7BFA /* ZipUtils.h */ = {isa = PBXFileReference; lastKnownFileType = sourcecode.c.h; name = ZipUtils.h; path = libs/cocos2d/Support/ZipUtils.h; sourceTree = "<group>"; };
		C2A40A7E13D19A0E002B7BFA /* ZipUtils.m */ = {isa = PBXFileReference; lastKnownFileType = sourcecode.c.objc; name = ZipUtils.m; path = libs/cocos2d/Support/ZipUtils.m; sourceTree = "<group>"; };
		C2A40A8013D19A0E002B7BFA /* LICENSE_cocos2d.txt */ = {isa = PBXFileReference; lastKnownFileType = text; name = LICENSE_cocos2d.txt; path = libs/LICENSE_cocos2d.txt; sourceTree = "<group>"; };
		C2A40A8213D19A0E002B7BFA /* CDAudioManager.h */ = {isa = PBXFileReference; lastKnownFileType = sourcecode.c.h; name = CDAudioManager.h; path = libs/CocosDenshion/CDAudioManager.h; sourceTree = "<group>"; };
		C2A40A8313D19A0E002B7BFA /* CDAudioManager.m */ = {isa = PBXFileReference; lastKnownFileType = sourcecode.c.objc; name = CDAudioManager.m; path = libs/CocosDenshion/CDAudioManager.m; sourceTree = "<group>"; };
		C2A40A8513D19A0E002B7BFA /* CDConfig.h */ = {isa = PBXFileReference; lastKnownFileType = sourcecode.c.h; name = CDConfig.h; path = libs/CocosDenshion/CDConfig.h; sourceTree = "<group>"; };
		C2A40A8613D19A0E002B7BFA /* CDOpenALSupport.h */ = {isa = PBXFileReference; lastKnownFileType = sourcecode.c.h; name = CDOpenALSupport.h; path = libs/CocosDenshion/CDOpenALSupport.h; sourceTree = "<group>"; };
		C2A40A8713D19A0E002B7BFA /* CDOpenALSupport.m */ = {isa = PBXFileReference; lastKnownFileType = sourcecode.c.objc; name = CDOpenALSupport.m; path = libs/CocosDenshion/CDOpenALSupport.m; sourceTree = "<group>"; };
		C2A40A8913D19A0E002B7BFA /* CocosDenshion.h */ = {isa = PBXFileReference; lastKnownFileType = sourcecode.c.h; name = CocosDenshion.h; path = libs/CocosDenshion/CocosDenshion.h; sourceTree = "<group>"; };
		C2A40A8A13D19A0E002B7BFA /* CocosDenshion.m */ = {isa = PBXFileReference; lastKnownFileType = sourcecode.c.objc; name = CocosDenshion.m; path = libs/CocosDenshion/CocosDenshion.m; sourceTree = "<group>"; };
		C2A40A8C13D19A0E002B7BFA /* SimpleAudioEngine.h */ = {isa = PBXFileReference; lastKnownFileType = sourcecode.c.h; name = SimpleAudioEngine.h; path = libs/CocosDenshion/SimpleAudioEngine.h; sourceTree = "<group>"; };
		C2A40A8D13D19A0E002B7BFA /* SimpleAudioEngine.m */ = {isa = PBXFileReference; lastKnownFileType = sourcecode.c.objc; name = SimpleAudioEngine.m; path = libs/CocosDenshion/SimpleAudioEngine.m; sourceTree = "<group>"; };
		C2A40A8F13D19A0E002B7BFA /* LICENSE_CocosDenshion.txt */ = {isa = PBXFileReference; lastKnownFileType = text; name = LICENSE_CocosDenshion.txt; path = libs/LICENSE_CocosDenshion.txt; sourceTree = "<group>"; };
		C2A40A9113D19A0E002B7BFA /* CDXMacOSXSupport.h */ = {isa = PBXFileReference; lastKnownFileType = sourcecode.c.h; name = CDXMacOSXSupport.h; path = libs/CocosDenshionExtras/CDXMacOSXSupport.h; sourceTree = "<group>"; };
		C2A40A9213D19A0E002B7BFA /* CDXMacOSXSupport.m */ = {isa = PBXFileReference; lastKnownFileType = sourcecode.c.objc; name = CDXMacOSXSupport.m; path = libs/CocosDenshionExtras/CDXMacOSXSupport.m; sourceTree = "<group>"; };
		C2A40A9413D19A0E002B7BFA /* CDXPropertyModifierAction.h */ = {isa = PBXFileReference; lastKnownFileType = sourcecode.c.h; name = CDXPropertyModifierAction.h; path = libs/CocosDenshionExtras/CDXPropertyModifierAction.h; sourceTree = "<group>"; };
		C2A40A9513D19A0E002B7BFA /* CDXPropertyModifierAction.m */ = {isa = PBXFileReference; lastKnownFileType = sourcecode.c.objc; name = CDXPropertyModifierAction.m; path = libs/CocosDenshionExtras/CDXPropertyModifierAction.m; sourceTree = "<group>"; };
		C2A40A9813D19A0E002B7BFA /* Prefix.pch */ = {isa = PBXFileReference; lastKnownFileType = sourcecode.c.h; path = Prefix.pch; sourceTree = "<group>"; };
		C2A40A9913D19A0E002B7BFA /* main.m */ = {isa = PBXFileReference; lastKnownFileType = sourcecode.c.objc; path = main.m; sourceTree = "<group>"; };
		C2A40A9B13D19A0E002B7BFA /* AppDelegate.h */ = {isa = PBXFileReference; lastKnownFileType = sourcecode.c.h; path = AppDelegate.h; sourceTree = "<group>"; };
		C2A40A9C13D19A0E002B7BFA /* AppDelegate.m */ = {isa = PBXFileReference; lastKnownFileType = sourcecode.c.objc; path = AppDelegate.m; sourceTree = "<group>"; };
		C2A40A9E13D19A0E002B7BFA /* HelloWorldLayer.h */ = {isa = PBXFileReference; lastKnownFileType = sourcecode.c.h; path = HelloWorldLayer.h; sourceTree = "<group>"; };
		C2A40A9F13D19A0E002B7BFA /* HelloWorldLayer.m */ = {isa = PBXFileReference; lastKnownFileType = sourcecode.c.objc; path = HelloWorldLayer.m; sourceTree = "<group>"; };
/* End PBXFileReference section */

/* Begin PBXFrameworksBuildPhase section */
		C2A4096913D19A0D002B7BFA /* Frameworks */ = {
			isa = PBXFrameworksBuildPhase;
			buildActionMask = 2147483647;
			files = (
				C2A4097113D19A0D002B7BFA /* QuartzCore.framework in Frameworks */,
				C2A4097313D19A0D002B7BFA /* OpenGL.framework in Frameworks */,
				C2A4097513D19A0D002B7BFA /* OpenAL.framework in Frameworks */,
				C2A4097713D19A0D002B7BFA /* AudioToolbox.framework in Frameworks */,
				C2A4097913D19A0D002B7BFA /* AppKit.framework in Frameworks */,
				C2A4097B13D19A0D002B7BFA /* Foundation.framework in Frameworks */,
			);
			runOnlyForDeploymentPostprocessing = 0;
		};
/* End PBXFrameworksBuildPhase section */

/* Begin PBXGroup section */
		C2A4096113D19A0D002B7BFA = {
			isa = PBXGroup;
			children = (
				C2A4097C13D19A0D002B7BFA /* ReallyBadEggsOSX */,
				C2A4096F13D19A0D002B7BFA /* Frameworks */,
				C2A4096D13D19A0D002B7BFA /* Products */,
			);
			sourceTree = "<group>";
		};
		C2A4096D13D19A0D002B7BFA /* Products */ = {
			isa = PBXGroup;
			children = (
				C2A4096C13D19A0D002B7BFA /* ReallyBadEggsOSX.app */,
			);
			name = Products;
			sourceTree = "<group>";
		};
		C2A4096F13D19A0D002B7BFA /* Frameworks */ = {
			isa = PBXGroup;
			children = (
				C2A4097013D19A0D002B7BFA /* QuartzCore.framework */,
				C2A4097213D19A0D002B7BFA /* OpenGL.framework */,
				C2A4097413D19A0D002B7BFA /* OpenAL.framework */,
				C2A4097613D19A0D002B7BFA /* AudioToolbox.framework */,
				C2A4097813D19A0D002B7BFA /* AppKit.framework */,
				C2A4097A13D19A0D002B7BFA /* Foundation.framework */,
			);
			name = Frameworks;
			sourceTree = "<group>";
		};
		C2A4097C13D19A0D002B7BFA /* ReallyBadEggsOSX */ = {
			isa = PBXGroup;
			children = (
				C2A40A9B13D19A0E002B7BFA /* AppDelegate.h */,
				C2A40A9C13D19A0E002B7BFA /* AppDelegate.m */,
				C2A40A9E13D19A0E002B7BFA /* HelloWorldLayer.h */,
				C2A40A9F13D19A0E002B7BFA /* HelloWorldLayer.m */,
				C2A4097D13D19A0D002B7BFA /* Resources */,
				C2A4098A13D19A0D002B7BFA /* libs */,
				C2A40A9713D19A0E002B7BFA /* Supporting Files */,
			);
			path = ReallyBadEggsOSX;
			sourceTree = "<group>";
		};
		C2A4097D13D19A0D002B7BFA /* Resources */ = {
			isa = PBXGroup;
			children = (
				C2A4098513D19A0D002B7BFA /* fps_images.png */,
				C2A4098713D19A0D002B7BFA /* icon.icns */,
				C2A4098913D19A0D002B7BFA /* Info.plist */,
				C2A4097E13D19A0D002B7BFA /* English.lproj */,
			);
			name = Resources;
			sourceTree = "<group>";
		};
		C2A4097E13D19A0D002B7BFA /* English.lproj */ = {
			isa = PBXGroup;
			children = (
				C2A4097F13D19A0D002B7BFA /* InfoPlist.strings */,
				C2A4098213D19A0D002B7BFA /* MainMenu.xib */,
			);
			name = English.lproj;
			sourceTree = "<group>";
		};
		C2A4098A13D19A0D002B7BFA /* libs */ = {
			isa = PBXGroup;
			children = (
				C2A40A8013D19A0E002B7BFA /* LICENSE_cocos2d.txt */,
				C2A40A8F13D19A0E002B7BFA /* LICENSE_CocosDenshion.txt */,
				C2A4098B13D19A0D002B7BFA /* cocos2d */,
				C2A40A8113D19A0E002B7BFA /* CocosDenshion */,
				C2A40A9013D19A0E002B7BFA /* CocosDenshionExtras */,
			);
			name = libs;
			sourceTree = "<group>";
		};
		C2A4098B13D19A0D002B7BFA /* cocos2d */ = {
			isa = PBXGroup;
			children = (
				C2A4098C13D19A0D002B7BFA /* CCAction.h */,
				C2A4098D13D19A0D002B7BFA /* CCAction.m */,
				C2A4098F13D19A0D002B7BFA /* CCActionCamera.h */,
				C2A4099013D19A0D002B7BFA /* CCActionCamera.m */,
				C2A4099213D19A0D002B7BFA /* CCActionEase.h */,
				C2A4099313D19A0D002B7BFA /* CCActionEase.m */,
				C2A4099513D19A0D002B7BFA /* CCActionGrid.h */,
				C2A4099613D19A0D002B7BFA /* CCActionGrid.m */,
				C2A4099813D19A0D002B7BFA /* CCActionGrid3D.h */,
				C2A4099913D19A0D002B7BFA /* CCActionGrid3D.m */,
				C2A4099B13D19A0D002B7BFA /* CCActionInstant.h */,
				C2A4099C13D19A0D002B7BFA /* CCActionInstant.m */,
				C2A4099E13D19A0D002B7BFA /* CCActionInterval.h */,
				C2A4099F13D19A0D002B7BFA /* CCActionInterval.m */,
				C2A409A113D19A0D002B7BFA /* CCActionManager.h */,
				C2A409A213D19A0D002B7BFA /* CCActionManager.m */,
				C2A409A413D19A0D002B7BFA /* CCActionPageTurn3D.h */,
				C2A409A513D19A0D002B7BFA /* CCActionPageTurn3D.m */,
				C2A409A713D19A0D002B7BFA /* CCActionProgressTimer.h */,
				C2A409A813D19A0D002B7BFA /* CCActionProgressTimer.m */,
				C2A409AA13D19A0D002B7BFA /* CCActionTiledGrid.h */,
				C2A409AB13D19A0D002B7BFA /* CCActionTiledGrid.m */,
				C2A409AD13D19A0D002B7BFA /* CCActionTween.h */,
				C2A409AE13D19A0D002B7BFA /* CCActionTween.m */,
				C2A409B013D19A0D002B7BFA /* CCAnimation.h */,
				C2A409B113D19A0D002B7BFA /* CCAnimation.m */,
				C2A409B313D19A0D002B7BFA /* CCAnimationCache.h */,
				C2A409B413D19A0D002B7BFA /* CCAnimationCache.m */,
				C2A409B613D19A0D002B7BFA /* CCAtlasNode.h */,
				C2A409B713D19A0D002B7BFA /* CCAtlasNode.m */,
				C2A409B913D19A0D002B7BFA /* CCBlockSupport.h */,
				C2A409BA13D19A0D002B7BFA /* CCBlockSupport.m */,
				C2A409BC13D19A0D002B7BFA /* CCCamera.h */,
				C2A409BD13D19A0D002B7BFA /* CCCamera.m */,
				C2A409BF13D19A0D002B7BFA /* ccConfig.h */,
				C2A409C013D19A0D002B7BFA /* CCConfiguration.h */,
				C2A409C113D19A0D002B7BFA /* CCConfiguration.m */,
				C2A409C313D19A0D002B7BFA /* CCDirector.h */,
				C2A409C413D19A0D002B7BFA /* CCDirector.m */,
				C2A409C613D19A0D002B7BFA /* CCDrawingPrimitives.h */,
				C2A409C713D19A0D002B7BFA /* CCDrawingPrimitives.m */,
				C2A409C913D19A0D002B7BFA /* CCGrabber.h */,
				C2A409CA13D19A0D002B7BFA /* CCGrabber.m */,
				C2A409CC13D19A0D002B7BFA /* CCGrid.h */,
				C2A409CD13D19A0D002B7BFA /* CCGrid.m */,
				C2A409CF13D19A0D002B7BFA /* CCLabelAtlas.h */,
				C2A409D013D19A0D002B7BFA /* CCLabelAtlas.m */,
				C2A409D213D19A0D002B7BFA /* CCLabelBMFont.h */,
				C2A409D313D19A0D002B7BFA /* CCLabelBMFont.m */,
				C2A409D513D19A0D002B7BFA /* CCLabelTTF.h */,
				C2A409D613D19A0D002B7BFA /* CCLabelTTF.m */,
				C2A409D813D19A0D002B7BFA /* CCLayer.h */,
				C2A409D913D19A0D002B7BFA /* CCLayer.m */,
				C2A409DB13D19A0D002B7BFA /* ccMacros.h */,
				C2A409DC13D19A0D002B7BFA /* CCMenu.h */,
				C2A409DD13D19A0D002B7BFA /* CCMenu.m */,
				C2A409DF13D19A0D002B7BFA /* CCMenuItem.h */,
				C2A409E013D19A0D002B7BFA /* CCMenuItem.m */,
				C2A409E213D19A0D002B7BFA /* CCMotionStreak.h */,
				C2A409E313D19A0D002B7BFA /* CCMotionStreak.m */,
				C2A409E513D19A0D002B7BFA /* CCNode.h */,
				C2A409E613D19A0D002B7BFA /* CCNode.m */,
				C2A409E813D19A0D002B7BFA /* CCParallaxNode.h */,
				C2A409E913D19A0D002B7BFA /* CCParallaxNode.m */,
				C2A409EB13D19A0D002B7BFA /* CCParticleExamples.h */,
				C2A409EC13D19A0D002B7BFA /* CCParticleExamples.m */,
				C2A409EE13D19A0D002B7BFA /* CCParticleSystem.h */,
				C2A409EF13D19A0D002B7BFA /* CCParticleSystem.m */,
				C2A409F113D19A0D002B7BFA /* CCParticleSystemPoint.h */,
				C2A409F213D19A0D002B7BFA /* CCParticleSystemPoint.m */,
				C2A409F413D19A0D002B7BFA /* CCParticleSystemQuad.h */,
				C2A409F513D19A0D002B7BFA /* CCParticleSystemQuad.m */,
				C2A409F713D19A0D002B7BFA /* CCProgressTimer.h */,
				C2A409F813D19A0D002B7BFA /* CCProgressTimer.m */,
				C2A409FA13D19A0D002B7BFA /* CCProtocols.h */,
				C2A409FB13D19A0D002B7BFA /* CCRenderTexture.h */,
				C2A409FC13D19A0D002B7BFA /* CCRenderTexture.m */,
				C2A409FE13D19A0D002B7BFA /* CCRibbon.h */,
				C2A409FF13D19A0D002B7BFA /* CCRibbon.m */,
				C2A40A0113D19A0D002B7BFA /* CCScene.h */,
				C2A40A0213D19A0D002B7BFA /* CCScene.m */,
				C2A40A0413D19A0D002B7BFA /* CCScheduler.h */,
				C2A40A0513D19A0D002B7BFA /* CCScheduler.m */,
				C2A40A0713D19A0D002B7BFA /* CCSprite.h */,
				C2A40A0813D19A0D002B7BFA /* CCSprite.m */,
				C2A40A0A13D19A0D002B7BFA /* CCSpriteBatchNode.h */,
				C2A40A0B13D19A0D002B7BFA /* CCSpriteBatchNode.m */,
				C2A40A0D13D19A0D002B7BFA /* CCSpriteFrame.h */,
				C2A40A0E13D19A0E002B7BFA /* CCSpriteFrame.m */,
				C2A40A1013D19A0E002B7BFA /* CCSpriteFrameCache.h */,
				C2A40A1113D19A0E002B7BFA /* CCSpriteFrameCache.m */,
				C2A40A1313D19A0E002B7BFA /* CCTexture2D.h */,
				C2A40A1413D19A0E002B7BFA /* CCTexture2D.m */,
				C2A40A1613D19A0E002B7BFA /* CCTextureAtlas.h */,
				C2A40A1713D19A0E002B7BFA /* CCTextureAtlas.m */,
				C2A40A1913D19A0E002B7BFA /* CCTextureCache.h */,
				C2A40A1A13D19A0E002B7BFA /* CCTextureCache.m */,
				C2A40A1C13D19A0E002B7BFA /* CCTexturePVR.h */,
				C2A40A1D13D19A0E002B7BFA /* CCTexturePVR.m */,
				C2A40A1F13D19A0E002B7BFA /* CCTileMapAtlas.h */,
				C2A40A2013D19A0E002B7BFA /* CCTileMapAtlas.m */,
				C2A40A2213D19A0E002B7BFA /* CCTMXLayer.h */,
				C2A40A2313D19A0E002B7BFA /* CCTMXLayer.m */,
				C2A40A2513D19A0E002B7BFA /* CCTMXObjectGroup.h */,
				C2A40A2613D19A0E002B7BFA /* CCTMXObjectGroup.m */,
				C2A40A2813D19A0E002B7BFA /* CCTMXTiledMap.h */,
				C2A40A2913D19A0E002B7BFA /* CCTMXTiledMap.m */,
				C2A40A2B13D19A0E002B7BFA /* CCTMXXMLParser.h */,
				C2A40A2C13D19A0E002B7BFA /* CCTMXXMLParser.m */,
				C2A40A2E13D19A0E002B7BFA /* CCTransition.h */,
				C2A40A2F13D19A0E002B7BFA /* CCTransition.m */,
				C2A40A3113D19A0E002B7BFA /* CCTransitionPageTurn.h */,
				C2A40A3213D19A0E002B7BFA /* CCTransitionPageTurn.m */,
				C2A40A3413D19A0E002B7BFA /* CCTransitionRadial.h */,
				C2A40A3513D19A0E002B7BFA /* CCTransitionRadial.m */,
				C2A40A3713D19A0E002B7BFA /* ccTypes.h */,
				C2A40A3813D19A0E002B7BFA /* cocos2d.h */,
				C2A40A3913D19A0E002B7BFA /* cocos2d.m */,
				C2A40A3B13D19A0E002B7BFA /* Platforms */,
				C2A40A6013D19A0E002B7BFA /* Support */,
			);
			name = cocos2d;
			sourceTree = "<group>";
		};
		C2A40A3B13D19A0E002B7BFA /* Platforms */ = {
			isa = PBXGroup;
			children = (
				C2A40A3C13D19A0E002B7BFA /* CCGL.h */,
				C2A40A3D13D19A0E002B7BFA /* CCNS.h */,
				C2A40A3E13D19A0E002B7BFA /* iOS */,
				C2A40A5313D19A0E002B7BFA /* Mac */,
			);
			name = Platforms;
			sourceTree = "<group>";
		};
		C2A40A3E13D19A0E002B7BFA /* iOS */ = {
			isa = PBXGroup;
			children = (
				C2A40A3F13D19A0E002B7BFA /* CCDirectorIOS.h */,
				C2A40A4013D19A0E002B7BFA /* CCDirectorIOS.m */,
				C2A40A4213D19A0E002B7BFA /* CCTouchDelegateProtocol.h */,
				C2A40A4313D19A0E002B7BFA /* CCTouchDispatcher.h */,
				C2A40A4413D19A0E002B7BFA /* CCTouchDispatcher.m */,
				C2A40A4613D19A0E002B7BFA /* CCTouchHandler.h */,
				C2A40A4713D19A0E002B7BFA /* CCTouchHandler.m */,
				C2A40A4913D19A0E002B7BFA /* EAGLView.h */,
				C2A40A4A13D19A0E002B7BFA /* EAGLView.m */,
				C2A40A4C13D19A0E002B7BFA /* ES1Renderer.h */,
				C2A40A4D13D19A0E002B7BFA /* ES1Renderer.m */,
				C2A40A4F13D19A0E002B7BFA /* ESRenderer.h */,
				C2A40A5013D19A0E002B7BFA /* glu.c */,
				C2A40A5213D19A0E002B7BFA /* glu.h */,
			);
			name = iOS;
			sourceTree = "<group>";
		};
		C2A40A5313D19A0E002B7BFA /* Mac */ = {
			isa = PBXGroup;
			children = (
				C2A40A5413D19A0E002B7BFA /* CCDirectorMac.h */,
				C2A40A5513D19A0E002B7BFA /* CCDirectorMac.m */,
				C2A40A5713D19A0E002B7BFA /* CCEventDispatcher.h */,
				C2A40A5813D19A0E002B7BFA /* CCEventDispatcher.m */,
				C2A40A5A13D19A0E002B7BFA /* MacGLView.h */,
				C2A40A5B13D19A0E002B7BFA /* MacGLView.m */,
				C2A40A5D13D19A0E002B7BFA /* MacWindow.h */,
				C2A40A5E13D19A0E002B7BFA /* MacWindow.m */,
			);
			name = Mac;
			sourceTree = "<group>";
		};
		C2A40A6013D19A0E002B7BFA /* Support */ = {
			isa = PBXGroup;
			children = (
				C2A40A6113D19A0E002B7BFA /* base64.c */,
				C2A40A6313D19A0E002B7BFA /* base64.h */,
				C2A40A6413D19A0E002B7BFA /* CCArray.h */,
				C2A40A6513D19A0E002B7BFA /* CCArray.m */,
				C2A40A6713D19A0E002B7BFA /* ccCArray.h */,
				C2A40A6813D19A0E002B7BFA /* CCFileUtils.h */,
				C2A40A6913D19A0E002B7BFA /* CCFileUtils.m */,
				C2A40A6B13D19A0E002B7BFA /* CCProfiling.h */,
				C2A40A6C13D19A0E002B7BFA /* CCProfiling.m */,
				C2A40A6E13D19A0E002B7BFA /* ccUtils.c */,
				C2A40A7013D19A0E002B7BFA /* ccUtils.h */,
				C2A40A7113D19A0E002B7BFA /* CGPointExtension.h */,
				C2A40A7213D19A0E002B7BFA /* CGPointExtension.m */,
				C2A40A7413D19A0E002B7BFA /* OpenGL_Internal.h */,
				C2A40A7513D19A0E002B7BFA /* TGAlib.h */,
				C2A40A7613D19A0E002B7BFA /* TGAlib.m */,
				C2A40A7813D19A0E002B7BFA /* TransformUtils.h */,
				C2A40A7913D19A0E002B7BFA /* TransformUtils.m */,
				C2A40A7B13D19A0E002B7BFA /* uthash.h */,
				C2A40A7C13D19A0E002B7BFA /* utlist.h */,
				C2A40A7D13D19A0E002B7BFA /* ZipUtils.h */,
				C2A40A7E13D19A0E002B7BFA /* ZipUtils.m */,
			);
			name = Support;
			sourceTree = "<group>";
		};
		C2A40A8113D19A0E002B7BFA /* CocosDenshion */ = {
			isa = PBXGroup;
			children = (
				C2A40A8213D19A0E002B7BFA /* CDAudioManager.h */,
				C2A40A8313D19A0E002B7BFA /* CDAudioManager.m */,
				C2A40A8513D19A0E002B7BFA /* CDConfig.h */,
				C2A40A8613D19A0E002B7BFA /* CDOpenALSupport.h */,
				C2A40A8713D19A0E002B7BFA /* CDOpenALSupport.m */,
				C2A40A8913D19A0E002B7BFA /* CocosDenshion.h */,
				C2A40A8A13D19A0E002B7BFA /* CocosDenshion.m */,
				C2A40A8C13D19A0E002B7BFA /* SimpleAudioEngine.h */,
				C2A40A8D13D19A0E002B7BFA /* SimpleAudioEngine.m */,
			);
			name = CocosDenshion;
			sourceTree = "<group>";
		};
		C2A40A9013D19A0E002B7BFA /* CocosDenshionExtras */ = {
			isa = PBXGroup;
			children = (
				C2A40A9113D19A0E002B7BFA /* CDXMacOSXSupport.h */,
				C2A40A9213D19A0E002B7BFA /* CDXMacOSXSupport.m */,
				C2A40A9413D19A0E002B7BFA /* CDXPropertyModifierAction.h */,
				C2A40A9513D19A0E002B7BFA /* CDXPropertyModifierAction.m */,
			);
			name = CocosDenshionExtras;
			sourceTree = "<group>";
		};
		C2A40A9713D19A0E002B7BFA /* Supporting Files */ = {
			isa = PBXGroup;
			children = (
				C2A40A9813D19A0E002B7BFA /* Prefix.pch */,
				C2A40A9913D19A0E002B7BFA /* main.m */,
			);
			name = "Supporting Files";
			sourceTree = "<group>";
		};
/* End PBXGroup section */

/* Begin PBXNativeTarget section */
		C2A4096B13D19A0D002B7BFA /* ReallyBadEggsOSX */ = {
			isa = PBXNativeTarget;
			buildConfigurationList = C2A40AA313D19A0E002B7BFA /* Build configuration list for PBXNativeTarget "ReallyBadEggsOSX" */;
			buildPhases = (
				C2A4096813D19A0D002B7BFA /* Sources */,
				C2A4096913D19A0D002B7BFA /* Frameworks */,
				C2A4096A13D19A0D002B7BFA /* Resources */,
			);
			buildRules = (
			);
			dependencies = (
			);
			name = ReallyBadEggsOSX;
			productName = ReallyBadEggsOSX;
			productReference = C2A4096C13D19A0D002B7BFA /* ReallyBadEggsOSX.app */;
			productType = "com.apple.product-type.application";
		};
/* End PBXNativeTarget section */

/* Begin PBXProject section */
		C2A4096313D19A0D002B7BFA /* Project object */ = {
			isa = PBXProject;
			buildConfigurationList = C2A4096613D19A0D002B7BFA /* Build configuration list for PBXProject "ReallyBadEggsOSX" */;
			compatibilityVersion = "Xcode 3.2";
			developmentRegion = English;
			hasScannedForEncodings = 0;
			knownRegions = (
				en,
				English,
			);
			mainGroup = C2A4096113D19A0D002B7BFA;
			productRefGroup = C2A4096D13D19A0D002B7BFA /* Products */;
			projectDirPath = "";
			projectRoot = "";
			targets = (
				C2A4096B13D19A0D002B7BFA /* ReallyBadEggsOSX */,
			);
		};
/* End PBXProject section */

/* Begin PBXResourcesBuildPhase section */
		C2A4096A13D19A0D002B7BFA /* Resources */ = {
			isa = PBXResourcesBuildPhase;
			buildActionMask = 2147483647;
			files = (
				C2A4098113D19A0D002B7BFA /* InfoPlist.strings in Resources */,
				C2A4098413D19A0D002B7BFA /* MainMenu.xib in Resources */,
				C2A4098613D19A0D002B7BFA /* fps_images.png in Resources */,
				C2A4098813D19A0D002B7BFA /* icon.icns in Resources */,
			);
			runOnlyForDeploymentPostprocessing = 0;
		};
/* End PBXResourcesBuildPhase section */

/* Begin PBXSourcesBuildPhase section */
		C2A4096813D19A0D002B7BFA /* Sources */ = {
			isa = PBXSourcesBuildPhase;
			buildActionMask = 2147483647;
			files = (
				C2A4098E13D19A0D002B7BFA /* CCAction.m in Sources */,
				C2A4099113D19A0D002B7BFA /* CCActionCamera.m in Sources */,
				C2A4099413D19A0D002B7BFA /* CCActionEase.m in Sources */,
				C2A4099713D19A0D002B7BFA /* CCActionGrid.m in Sources */,
				C2A4099A13D19A0D002B7BFA /* CCActionGrid3D.m in Sources */,
				C2A4099D13D19A0D002B7BFA /* CCActionInstant.m in Sources */,
				C2A409A013D19A0D002B7BFA /* CCActionInterval.m in Sources */,
				C2A409A313D19A0D002B7BFA /* CCActionManager.m in Sources */,
				C2A409A613D19A0D002B7BFA /* CCActionPageTurn3D.m in Sources */,
				C2A409A913D19A0D002B7BFA /* CCActionProgressTimer.m in Sources */,
				C2A409AC13D19A0D002B7BFA /* CCActionTiledGrid.m in Sources */,
				C2A409AF13D19A0D002B7BFA /* CCActionTween.m in Sources */,
				C2A409B213D19A0D002B7BFA /* CCAnimation.m in Sources */,
				C2A409B513D19A0D002B7BFA /* CCAnimationCache.m in Sources */,
				C2A409B813D19A0D002B7BFA /* CCAtlasNode.m in Sources */,
				C2A409BB13D19A0D002B7BFA /* CCBlockSupport.m in Sources */,
				C2A409BE13D19A0D002B7BFA /* CCCamera.m in Sources */,
				C2A409C213D19A0D002B7BFA /* CCConfiguration.m in Sources */,
				C2A409C513D19A0D002B7BFA /* CCDirector.m in Sources */,
				C2A409C813D19A0D002B7BFA /* CCDrawingPrimitives.m in Sources */,
				C2A409CB13D19A0D002B7BFA /* CCGrabber.m in Sources */,
				C2A409CE13D19A0D002B7BFA /* CCGrid.m in Sources */,
				C2A409D113D19A0D002B7BFA /* CCLabelAtlas.m in Sources */,
				C2A409D413D19A0D002B7BFA /* CCLabelBMFont.m in Sources */,
				C2A409D713D19A0D002B7BFA /* CCLabelTTF.m in Sources */,
				C2A409DA13D19A0D002B7BFA /* CCLayer.m in Sources */,
				C2A409DE13D19A0D002B7BFA /* CCMenu.m in Sources */,
				C2A409E113D19A0D002B7BFA /* CCMenuItem.m in Sources */,
				C2A409E413D19A0D002B7BFA /* CCMotionStreak.m in Sources */,
				C2A409E713D19A0D002B7BFA /* CCNode.m in Sources */,
				C2A409EA13D19A0D002B7BFA /* CCParallaxNode.m in Sources */,
				C2A409ED13D19A0D002B7BFA /* CCParticleExamples.m in Sources */,
				C2A409F013D19A0D002B7BFA /* CCParticleSystem.m in Sources */,
				C2A409F313D19A0D002B7BFA /* CCParticleSystemPoint.m in Sources */,
				C2A409F613D19A0D002B7BFA /* CCParticleSystemQuad.m in Sources */,
				C2A409F913D19A0D002B7BFA /* CCProgressTimer.m in Sources */,
				C2A409FD13D19A0D002B7BFA /* CCRenderTexture.m in Sources */,
				C2A40A0013D19A0D002B7BFA /* CCRibbon.m in Sources */,
				C2A40A0313D19A0D002B7BFA /* CCScene.m in Sources */,
				C2A40A0613D19A0D002B7BFA /* CCScheduler.m in Sources */,
				C2A40A0913D19A0D002B7BFA /* CCSprite.m in Sources */,
				C2A40A0C13D19A0D002B7BFA /* CCSpriteBatchNode.m in Sources */,
				C2A40A0F13D19A0E002B7BFA /* CCSpriteFrame.m in Sources */,
				C2A40A1213D19A0E002B7BFA /* CCSpriteFrameCache.m in Sources */,
				C2A40A1513D19A0E002B7BFA /* CCTexture2D.m in Sources */,
				C2A40A1813D19A0E002B7BFA /* CCTextureAtlas.m in Sources */,
				C2A40A1B13D19A0E002B7BFA /* CCTextureCache.m in Sources */,
				C2A40A1E13D19A0E002B7BFA /* CCTexturePVR.m in Sources */,
				C2A40A2113D19A0E002B7BFA /* CCTileMapAtlas.m in Sources */,
				C2A40A2413D19A0E002B7BFA /* CCTMXLayer.m in Sources */,
				C2A40A2713D19A0E002B7BFA /* CCTMXObjectGroup.m in Sources */,
				C2A40A2A13D19A0E002B7BFA /* CCTMXTiledMap.m in Sources */,
				C2A40A2D13D19A0E002B7BFA /* CCTMXXMLParser.m in Sources */,
				C2A40A3013D19A0E002B7BFA /* CCTransition.m in Sources */,
				C2A40A3313D19A0E002B7BFA /* CCTransitionPageTurn.m in Sources */,
				C2A40A3613D19A0E002B7BFA /* CCTransitionRadial.m in Sources */,
				C2A40A3A13D19A0E002B7BFA /* cocos2d.m in Sources */,
				C2A40A4113D19A0E002B7BFA /* CCDirectorIOS.m in Sources */,
				C2A40A4513D19A0E002B7BFA /* CCTouchDispatcher.m in Sources */,
				C2A40A4813D19A0E002B7BFA /* CCTouchHandler.m in Sources */,
				C2A40A4B13D19A0E002B7BFA /* EAGLView.m in Sources */,
				C2A40A4E13D19A0E002B7BFA /* ES1Renderer.m in Sources */,
				C2A40A5113D19A0E002B7BFA /* glu.c in Sources */,
				C2A40A5613D19A0E002B7BFA /* CCDirectorMac.m in Sources */,
				C2A40A5913D19A0E002B7BFA /* CCEventDispatcher.m in Sources */,
				C2A40A5C13D19A0E002B7BFA /* MacGLView.m in Sources */,
				C2A40A5F13D19A0E002B7BFA /* MacWindow.m in Sources */,
				C2A40A6213D19A0E002B7BFA /* base64.c in Sources */,
				C2A40A6613D19A0E002B7BFA /* CCArray.m in Sources */,
				C2A40A6A13D19A0E002B7BFA /* CCFileUtils.m in Sources */,
				C2A40A6D13D19A0E002B7BFA /* CCProfiling.m in Sources */,
				C2A40A6F13D19A0E002B7BFA /* ccUtils.c in Sources */,
				C2A40A7313D19A0E002B7BFA /* CGPointExtension.m in Sources */,
				C2A40A7713D19A0E002B7BFA /* TGAlib.m in Sources */,
				C2A40A7A13D19A0E002B7BFA /* TransformUtils.m in Sources */,
				C2A40A7F13D19A0E002B7BFA /* ZipUtils.m in Sources */,
				C2A40A8413D19A0E002B7BFA /* CDAudioManager.m in Sources */,
				C2A40A8813D19A0E002B7BFA /* CDOpenALSupport.m in Sources */,
				C2A40A8B13D19A0E002B7BFA /* CocosDenshion.m in Sources */,
				C2A40A8E13D19A0E002B7BFA /* SimpleAudioEngine.m in Sources */,
				C2A40A9313D19A0E002B7BFA /* CDXMacOSXSupport.m in Sources */,
				C2A40A9613D19A0E002B7BFA /* CDXPropertyModifierAction.m in Sources */,
				C2A40A9A13D19A0E002B7BFA /* main.m in Sources */,
				C2A40A9D13D19A0E002B7BFA /* AppDelegate.m in Sources */,
				C2A40AA013D19A0E002B7BFA /* HelloWorldLayer.m in Sources */,
			);
			runOnlyForDeploymentPostprocessing = 0;
		};
/* End PBXSourcesBuildPhase section */

/* Begin PBXVariantGroup section */
		C2A4097F13D19A0D002B7BFA /* InfoPlist.strings */ = {
			isa = PBXVariantGroup;
			children = (
				C2A4098013D19A0D002B7BFA /* English */,
			);
			name = InfoPlist.strings;
			sourceTree = "<group>";
		};
		C2A4098213D19A0D002B7BFA /* MainMenu.xib */ = {
			isa = PBXVariantGroup;
			children = (
				C2A4098313D19A0D002B7BFA /* English */,
			);
			name = MainMenu.xib;
			sourceTree = "<group>";
		};
/* End PBXVariantGroup section */

/* Begin XCBuildConfiguration section */
		C2A40AA113D19A0E002B7BFA /* Debug */ = {
			isa = XCBuildConfiguration;
			buildSettings = {
				ARCHS = "$(ARCHS_STANDARD_32_64_BIT)";
				GCC_C_LANGUAGE_STANDARD = gnu99;
				GCC_OPTIMIZATION_LEVEL = 0;
				GCC_PREPROCESSOR_DEFINITIONS = (
					DEBUG,
					"COCOS2D_DEBUG=1",
				);
				GCC_SYMBOLS_PRIVATE_EXTERN = NO;
				GCC_VERSION = com.apple.compilers.llvm.clang.1_0;
				GCC_WARN_64_TO_32_BIT_CONVERSION = YES;
				GCC_WARN_ABOUT_RETURN_TYPE = YES;
				GCC_WARN_UNUSED_VARIABLE = YES;
				MACOSX_DEPLOYMENT_TARGET = 10.6;
				ONLY_ACTIVE_ARCH = YES;
				SDKROOT = macosx;
			};
			name = Debug;
		};
		C2A40AA213D19A0E002B7BFA /* Release */ = {
			isa = XCBuildConfiguration;
			buildSettings = {
				ARCHS = "$(ARCHS_STANDARD_32_64_BIT)";
				GCC_C_LANGUAGE_STANDARD = gnu99;
				GCC_PREPROCESSOR_DEFINITIONS = NDEBUG;
				GCC_VERSION = com.apple.compilers.llvm.clang.1_0;
				GCC_WARN_64_TO_32_BIT_CONVERSION = YES;
				GCC_WARN_ABOUT_RETURN_TYPE = YES;
				GCC_WARN_UNUSED_VARIABLE = YES;
				MACOSX_DEPLOYMENT_TARGET = 10.6;
				OTHER_CFLAGS = "-DNS_BLOCK_ASSERTIONS=1";
				SDKROOT = macosx;
			};
			name = Release;
		};
		C2A40AA413D19A0E002B7BFA /* Debug */ = {
			isa = XCBuildConfiguration;
			buildSettings = {
				ALWAYS_SEARCH_USER_PATHS = NO;
				COPY_PHASE_STRIP = NO;
				GCC_DYNAMIC_NO_PIC = NO;
				GCC_ENABLE_OBJC_EXCEPTIONS = YES;
				GCC_PRECOMPILE_PREFIX_HEADER = YES;
				GCC_PREFIX_HEADER = ReallyBadEggsOSX/Prefix.pch;
				INFOPLIST_FILE = ReallyBadEggsOSX/Resources/Info.plist;
				OTHER_LDFLAGS = "-lz";
				PRODUCT_NAME = "$(TARGET_NAME)";
				WRAPPER_EXTENSION = app;
			};
			name = Debug;
		};
		C2A40AA513D19A0E002B7BFA /* Release */ = {
			isa = XCBuildConfiguration;
			buildSettings = {
				ALWAYS_SEARCH_USER_PATHS = NO;
				COPY_PHASE_STRIP = YES;
				DEBUG_INFORMATION_FORMAT = "dwarf-with-dsym";
				GCC_ENABLE_OBJC_EXCEPTIONS = YES;
				GCC_PRECOMPILE_PREFIX_HEADER = YES;
				GCC_PREFIX_HEADER = ReallyBadEggsOSX/Prefix.pch;
				INFOPLIST_FILE = ReallyBadEggsOSX/Resources/Info.plist;
				OTHER_LDFLAGS = "-lz";
				PRODUCT_NAME = "$(TARGET_NAME)";
				WRAPPER_EXTENSION = app;
			};
			name = Release;
		};
/* End XCBuildConfiguration section */

/* Begin XCConfigurationList section */
		C2A4096613D19A0D002B7BFA /* Build configuration list for PBXProject "ReallyBadEggsOSX" */ = {
			isa = XCConfigurationList;
			buildConfigurations = (
				C2A40AA113D19A0E002B7BFA /* Debug */,
				C2A40AA213D19A0E002B7BFA /* Release */,
			);
			defaultConfigurationIsVisible = 0;
			defaultConfigurationName = Release;
		};
		C2A40AA313D19A0E002B7BFA /* Build configuration list for PBXNativeTarget "ReallyBadEggsOSX" */ = {
			isa = XCConfigurationList;
			buildConfigurations = (
				C2A40AA413D19A0E002B7BFA /* Debug */,
				C2A40AA513D19A0E002B7BFA /* Release */,
			);
			defaultConfigurationIsVisible = 0;
		};
/* End XCConfigurationList section */
	};
	rootObject = C2A4096313D19A0D002B7BFA /* Project object */;
}
